// !$*UTF8*$!
{
	archiveVersion = 1;
	classes = {
	};
	objectVersion = 45;
	objects = {

/* Begin PBXBuildFile section */
		1D60589F0D05DD5A006BFB54 /* Foundation.framework in Frameworks */ = {isa = PBXBuildFile; fileRef = 1D30AB110D05D00D00671497 /* Foundation.framework */; };
		1DF5F4E00D08C38300B7A737 /* UIKit.framework in Frameworks */ = {isa = PBXBuildFile; fileRef = 1DF5F4DF0D08C38300B7A737 /* UIKit.framework */; };
		288765A50DF7441C002DB57D /* CoreGraphics.framework in Frameworks */ = {isa = PBXBuildFile; fileRef = 288765A40DF7441C002DB57D /* CoreGraphics.framework */; };
		DB2B23070F6B2626003F6147 /* VECommonService.m in Sources */ = {isa = PBXBuildFile; fileRef = DB2B23020F6B2626003F6147 /* VECommonService.m */; };
		DB2B23080F6B2626003F6147 /* VEService.m in Sources */ = {isa = PBXBuildFile; fileRef = DB2B23040F6B2626003F6147 /* VEService.m */; };
		DB2B23090F6B2626003F6147 /* VESOAPRequest.m in Sources */ = {isa = PBXBuildFile; fileRef = DB2B23060F6B2626003F6147 /* VESOAPRequest.m */; };
		DB2B230A0F6B2626003F6147 /* VECommonService.h in Headers */ = {isa = PBXBuildFile; fileRef = DB2B23010F6B2626003F6147 /* VECommonService.h */; };
		DB2B230B0F6B2626003F6147 /* VECommonService.m in Sources */ = {isa = PBXBuildFile; fileRef = DB2B23020F6B2626003F6147 /* VECommonService.m */; };
		DB2B230C0F6B2626003F6147 /* VEService.h in Headers */ = {isa = PBXBuildFile; fileRef = DB2B23030F6B2626003F6147 /* VEService.h */; };
		DB2B230D0F6B2626003F6147 /* VEService.m in Sources */ = {isa = PBXBuildFile; fileRef = DB2B23040F6B2626003F6147 /* VEService.m */; };
		DB2B230E0F6B2626003F6147 /* VESOAPRequest.h in Headers */ = {isa = PBXBuildFile; fileRef = DB2B23050F6B2626003F6147 /* VESOAPRequest.h */; };
		DB2B230F0F6B2626003F6147 /* VESOAPRequest.m in Sources */ = {isa = PBXBuildFile; fileRef = DB2B23060F6B2626003F6147 /* VESOAPRequest.m */; };
		DB2B23170F6B2636003F6147 /* CercaMap.h in Headers */ = {isa = PBXBuildFile; fileRef = DB2B23100F6B2636003F6147 /* CercaMap.h */; settings = {ATTRIBUTES = (Public, ); }; };
		DB2B23180F6B2636003F6147 /* CercaMapGenerator.h in Headers */ = {isa = PBXBuildFile; fileRef = DB2B23110F6B2636003F6147 /* CercaMapGenerator.h */; settings = {ATTRIBUTES = (Public, ); }; };
		DB2B23190F6B2636003F6147 /* CercaMapHelper.h in Headers */ = {isa = PBXBuildFile; fileRef = DB2B23120F6B2636003F6147 /* CercaMapHelper.h */; settings = {ATTRIBUTES = (Public, ); }; };
		DB2B231A0F6B2636003F6147 /* CercaMapLocation.h in Headers */ = {isa = PBXBuildFile; fileRef = DB2B23130F6B2636003F6147 /* CercaMapLocation.h */; settings = {ATTRIBUTES = (Public, ); }; };
		DB2B231B0F6B2636003F6147 /* CercaMapType.h in Headers */ = {isa = PBXBuildFile; fileRef = DB2B23140F6B2636003F6147 /* CercaMapType.h */; settings = {ATTRIBUTES = (Public, ); }; };
		DB2B231C0F6B2636003F6147 /* CercaMapView.h in Headers */ = {isa = PBXBuildFile; fileRef = DB2B23150F6B2636003F6147 /* CercaMapView.h */; settings = {ATTRIBUTES = (Public, ); }; };
		DB2B231D0F6B2636003F6147 /* CercaMapZoomLevel.h in Headers */ = {isa = PBXBuildFile; fileRef = DB2B23160F6B2636003F6147 /* CercaMapZoomLevel.h */; settings = {ATTRIBUTES = (Public, ); }; };
		DB2B23250F6B266B003F6147 /* CercaMapGenerator.m in Sources */ = {isa = PBXBuildFile; fileRef = DB2B231E0F6B266B003F6147 /* CercaMapGenerator.m */; };
		DB2B23260F6B266B003F6147 /* CercaMapHelper.m in Sources */ = {isa = PBXBuildFile; fileRef = DB2B231F0F6B266B003F6147 /* CercaMapHelper.m */; };
		DB2B23270F6B266B003F6147 /* CercaMapQuad.m in Sources */ = {isa = PBXBuildFile; fileRef = DB2B23210F6B266B003F6147 /* CercaMapQuad.m */; };
		DB2B23280F6B266B003F6147 /* CercaMapView.m in Sources */ = {isa = PBXBuildFile; fileRef = DB2B23240F6B266B003F6147 /* CercaMapView.m */; };
		DB2B23290F6B266B003F6147 /* CercaMapGenerator.m in Sources */ = {isa = PBXBuildFile; fileRef = DB2B231E0F6B266B003F6147 /* CercaMapGenerator.m */; };
		DB2B232A0F6B266B003F6147 /* CercaMapHelper.m in Sources */ = {isa = PBXBuildFile; fileRef = DB2B231F0F6B266B003F6147 /* CercaMapHelper.m */; };
		DB2B232B0F6B266B003F6147 /* CercaMapQuad.h in Headers */ = {isa = PBXBuildFile; fileRef = DB2B23200F6B266B003F6147 /* CercaMapQuad.h */; };
		DB2B232C0F6B266B003F6147 /* CercaMapQuad.m in Sources */ = {isa = PBXBuildFile; fileRef = DB2B23210F6B266B003F6147 /* CercaMapQuad.m */; };
		DB2B232D0F6B266B003F6147 /* CercaMapRect.h in Headers */ = {isa = PBXBuildFile; fileRef = DB2B23220F6B266B003F6147 /* CercaMapRect.h */; settings = {ATTRIBUTES = (Public, ); }; };
		DB2B232E0F6B266B003F6147 /* CercaMapSize.h in Headers */ = {isa = PBXBuildFile; fileRef = DB2B23230F6B266B003F6147 /* CercaMapSize.h */; settings = {ATTRIBUTES = (Public, ); }; };
		DB2B232F0F6B266B003F6147 /* CercaMapView.m in Sources */ = {isa = PBXBuildFile; fileRef = DB2B23240F6B266B003F6147 /* CercaMapView.m */; };
		DB2B23390F6B26A3003F6147 /* CercaMapDemoViewController.xib in Resources */ = {isa = PBXBuildFile; fileRef = DB2B23350F6B26A3003F6147 /* CercaMapDemoViewController.xib */; };
		DB2B233B0F6B26A3003F6147 /* main.m in Sources */ = {isa = PBXBuildFile; fileRef = DB2B23370F6B26A3003F6147 /* main.m */; };
		DB2B233C0F6B26A3003F6147 /* MainWindow.xib in Resources */ = {isa = PBXBuildFile; fileRef = DB2B23380F6B26A3003F6147 /* MainWindow.xib */; };
		DB2B23410F6B26B3003F6147 /* CercaMapDemoAppDelegate.m in Sources */ = {isa = PBXBuildFile; fileRef = DB2B233E0F6B26B3003F6147 /* CercaMapDemoAppDelegate.m */; };
		DB2B23420F6B26B3003F6147 /* CercaMapDemoViewController.m in Sources */ = {isa = PBXBuildFile; fileRef = DB2B23400F6B26B3003F6147 /* CercaMapDemoViewController.m */; };
		DB2B23580F6B27C4003F6147 /* libxml2.2.dylib in Frameworks */ = {isa = PBXBuildFile; fileRef = DB2B23570F6B27C3003F6147 /* libxml2.2.dylib */; };
		DB2B23590F6B27C4003F6147 /* libxml2.2.dylib in Frameworks */ = {isa = PBXBuildFile; fileRef = DB2B23570F6B27C3003F6147 /* libxml2.2.dylib */; };
/* End PBXBuildFile section */

/* Begin PBXFileReference section */
		1D30AB110D05D00D00671497 /* Foundation.framework */ = {isa = PBXFileReference; lastKnownFileType = wrapper.framework; name = Foundation.framework; path = System/Library/Frameworks/Foundation.framework; sourceTree = SDKROOT; };
		1D6058910D05DD3D006BFB54 /* CercaMapDemo.app */ = {isa = PBXFileReference; explicitFileType = wrapper.application; includeInIndex = 0; path = CercaMapDemo.app; sourceTree = BUILT_PRODUCTS_DIR; };
		1DF5F4DF0D08C38300B7A737 /* UIKit.framework */ = {isa = PBXFileReference; lastKnownFileType = wrapper.framework; name = UIKit.framework; path = System/Library/Frameworks/UIKit.framework; sourceTree = SDKROOT; };
		288765A40DF7441C002DB57D /* CoreGraphics.framework */ = {isa = PBXFileReference; lastKnownFileType = wrapper.framework; name = CoreGraphics.framework; path = System/Library/Frameworks/CoreGraphics.framework; sourceTree = SDKROOT; };
		DB2B22FA0F6B25EF003F6147 /* libCercaMap.a */ = {isa = PBXFileReference; explicitFileType = archive.ar; includeInIndex = 0; path = libCercaMap.a; sourceTree = BUILT_PRODUCTS_DIR; };
		DB2B23010F6B2626003F6147 /* VECommonService.h */ = {isa = PBXFileReference; fileEncoding = 4; lastKnownFileType = sourcecode.c.h; name = VECommonService.h; path = ThirdParty/VirtualEarthKit/VECommonService.h; sourceTree = "<group>"; };
		DB2B23020F6B2626003F6147 /* VECommonService.m */ = {isa = PBXFileReference; fileEncoding = 4; lastKnownFileType = sourcecode.c.objc; name = VECommonService.m; path = ThirdParty/VirtualEarthKit/VECommonService.m; sourceTree = "<group>"; };
		DB2B23030F6B2626003F6147 /* VEService.h */ = {isa = PBXFileReference; fileEncoding = 4; lastKnownFileType = sourcecode.c.h; name = VEService.h; path = ThirdParty/VirtualEarthKit/VEService.h; sourceTree = "<group>"; };
		DB2B23040F6B2626003F6147 /* VEService.m */ = {isa = PBXFileReference; fileEncoding = 4; lastKnownFileType = sourcecode.c.objc; name = VEService.m; path = ThirdParty/VirtualEarthKit/VEService.m; sourceTree = "<group>"; };
		DB2B23050F6B2626003F6147 /* VESOAPRequest.h */ = {isa = PBXFileReference; fileEncoding = 4; lastKnownFileType = sourcecode.c.h; name = VESOAPRequest.h; path = ThirdParty/VirtualEarthKit/VESOAPRequest.h; sourceTree = "<group>"; };
		DB2B23060F6B2626003F6147 /* VESOAPRequest.m */ = {isa = PBXFileReference; fileEncoding = 4; lastKnownFileType = sourcecode.c.objc; name = VESOAPRequest.m; path = ThirdParty/VirtualEarthKit/VESOAPRequest.m; sourceTree = "<group>"; };
		DB2B23100F6B2636003F6147 /* CercaMap.h */ = {isa = PBXFileReference; fileEncoding = 4; lastKnownFileType = sourcecode.c.h; name = CercaMap.h; path = include/CercaMap/CercaMap.h; sourceTree = "<group>"; };
		DB2B23110F6B2636003F6147 /* CercaMapGenerator.h */ = {isa = PBXFileReference; fileEncoding = 4; lastKnownFileType = sourcecode.c.h; name = CercaMapGenerator.h; path = include/CercaMap/CercaMapGenerator.h; sourceTree = "<group>"; };
		DB2B23120F6B2636003F6147 /* CercaMapHelper.h */ = {isa = PBXFileReference; fileEncoding = 4; lastKnownFileType = sourcecode.c.h; name = CercaMapHelper.h; path = include/CercaMap/CercaMapHelper.h; sourceTree = "<group>"; };
		DB2B23130F6B2636003F6147 /* CercaMapLocation.h */ = {isa = PBXFileReference; fileEncoding = 4; lastKnownFileType = sourcecode.c.h; name = CercaMapLocation.h; path = include/CercaMap/CercaMapLocation.h; sourceTree = "<group>"; };
		DB2B23140F6B2636003F6147 /* CercaMapType.h */ = {isa = PBXFileReference; fileEncoding = 4; lastKnownFileType = sourcecode.c.h; name = CercaMapType.h; path = include/CercaMap/CercaMapType.h; sourceTree = "<group>"; };
		DB2B23150F6B2636003F6147 /* CercaMapView.h */ = {isa = PBXFileReference; fileEncoding = 4; lastKnownFileType = sourcecode.c.h; name = CercaMapView.h; path = include/CercaMap/CercaMapView.h; sourceTree = "<group>"; };
		DB2B23160F6B2636003F6147 /* CercaMapZoomLevel.h */ = {isa = PBXFileReference; fileEncoding = 4; lastKnownFileType = sourcecode.c.h; name = CercaMapZoomLevel.h; path = include/CercaMap/CercaMapZoomLevel.h; sourceTree = "<group>"; };
		DB2B231E0F6B266B003F6147 /* CercaMapGenerator.m */ = {isa = PBXFileReference; fileEncoding = 4; lastKnownFileType = sourcecode.c.objc; name = CercaMapGenerator.m; path = src/CercaMapGenerator.m; sourceTree = "<group>"; };
		DB2B231F0F6B266B003F6147 /* CercaMapHelper.m */ = {isa = PBXFileReference; fileEncoding = 4; lastKnownFileType = sourcecode.c.objc; name = CercaMapHelper.m; path = src/CercaMapHelper.m; sourceTree = "<group>"; };
		DB2B23200F6B266B003F6147 /* CercaMapQuad.h */ = {isa = PBXFileReference; fileEncoding = 4; lastKnownFileType = sourcecode.c.h; name = CercaMapQuad.h; path = src/CercaMapQuad.h; sourceTree = "<group>"; };
		DB2B23210F6B266B003F6147 /* CercaMapQuad.m */ = {isa = PBXFileReference; fileEncoding = 4; lastKnownFileType = sourcecode.c.objc; name = CercaMapQuad.m; path = src/CercaMapQuad.m; sourceTree = "<group>"; };
		DB2B23220F6B266B003F6147 /* CercaMapRect.h */ = {isa = PBXFileReference; fileEncoding = 4; lastKnownFileType = sourcecode.c.h; name = CercaMapRect.h; path = include/CercaMap/CercaMapRect.h; sourceTree = "<group>"; };
		DB2B23230F6B266B003F6147 /* CercaMapSize.h */ = {isa = PBXFileReference; fileEncoding = 4; lastKnownFileType = sourcecode.c.h; name = CercaMapSize.h; path = include/CercaMap/CercaMapSize.h; sourceTree = "<group>"; };
		DB2B23240F6B266B003F6147 /* CercaMapView.m */ = {isa = PBXFileReference; fileEncoding = 4; lastKnownFileType = sourcecode.c.objc; name = CercaMapView.m; path = src/CercaMapView.m; sourceTree = "<group>"; };
		DB2B23300F6B2677003F6147 /* SDKSettings-iphoneos.plist */ = {isa = PBXFileReference; fileEncoding = 4; lastKnownFileType = text.plist.xml; name = "SDKSettings-iphoneos.plist"; path = "rsrc/SDKSettings-iphoneos.plist"; sourceTree = "<group>"; };
		DB2B23310F6B2677003F6147 /* SDKSettings-iphonesimulator.plist */ = {isa = PBXFileReference; fileEncoding = 4; lastKnownFileType = text.plist.xml; name = "SDKSettings-iphonesimulator.plist"; path = "rsrc/SDKSettings-iphonesimulator.plist"; sourceTree = "<group>"; };
		DB2B23340F6B2695003F6147 /* config.h */ = {isa = PBXFileReference; fileEncoding = 4; lastKnownFileType = sourcecode.c.h; path = config.h; sourceTree = "<group>"; };
		DB2B23350F6B26A3003F6147 /* CercaMapDemoViewController.xib */ = {isa = PBXFileReference; lastKnownFileType = file.xib; name = CercaMapDemoViewController.xib; path = DemoProject/CercaMapDemoViewController.xib; sourceTree = "<group>"; };
		DB2B23360F6B26A3003F6147 /* Info.plist */ = {isa = PBXFileReference; fileEncoding = 4; lastKnownFileType = text.plist.xml; name = Info.plist; path = DemoProject/Info.plist; sourceTree = "<group>"; };
		DB2B23370F6B26A3003F6147 /* main.m */ = {isa = PBXFileReference; fileEncoding = 4; lastKnownFileType = sourcecode.c.objc; name = main.m; path = DemoProject/main.m; sourceTree = "<group>"; };
		DB2B23380F6B26A3003F6147 /* MainWindow.xib */ = {isa = PBXFileReference; lastKnownFileType = file.xib; name = MainWindow.xib; path = DemoProject/MainWindow.xib; sourceTree = "<group>"; };
		DB2B233D0F6B26B3003F6147 /* CercaMapDemoAppDelegate.h */ = {isa = PBXFileReference; fileEncoding = 4; lastKnownFileType = sourcecode.c.h; name = CercaMapDemoAppDelegate.h; path = DemoProject/Classes/CercaMapDemoAppDelegate.h; sourceTree = "<group>"; };
		DB2B233E0F6B26B3003F6147 /* CercaMapDemoAppDelegate.m */ = {isa = PBXFileReference; fileEncoding = 4; lastKnownFileType = sourcecode.c.objc; name = CercaMapDemoAppDelegate.m; path = DemoProject/Classes/CercaMapDemoAppDelegate.m; sourceTree = "<group>"; };
		DB2B233F0F6B26B3003F6147 /* CercaMapDemoViewController.h */ = {isa = PBXFileReference; fileEncoding = 4; lastKnownFileType = sourcecode.c.h; name = CercaMapDemoViewController.h; path = DemoProject/Classes/CercaMapDemoViewController.h; sourceTree = "<group>"; };
		DB2B23400F6B26B3003F6147 /* CercaMapDemoViewController.m */ = {isa = PBXFileReference; fileEncoding = 4; lastKnownFileType = sourcecode.c.objc; name = CercaMapDemoViewController.m; path = DemoProject/Classes/CercaMapDemoViewController.m; sourceTree = "<group>"; };
		DB2B23570F6B27C3003F6147 /* libxml2.2.dylib */ = {isa = PBXFileReference; lastKnownFileType = "compiled.mach-o.dylib"; name = libxml2.2.dylib; path = usr/lib/libxml2.2.dylib; sourceTree = SDKROOT; };
/* End PBXFileReference section */

/* Begin PBXFrameworksBuildPhase section */
		1D60588F0D05DD3D006BFB54 /* Frameworks */ = {
			isa = PBXFrameworksBuildPhase;
			buildActionMask = 2147483647;
			files = (
				1D60589F0D05DD5A006BFB54 /* Foundation.framework in Frameworks */,
				1DF5F4E00D08C38300B7A737 /* UIKit.framework in Frameworks */,
				288765A50DF7441C002DB57D /* CoreGraphics.framework in Frameworks */,
				DB2B23580F6B27C4003F6147 /* libxml2.2.dylib in Frameworks */,
			);
			runOnlyForDeploymentPostprocessing = 0;
		};
		DB2B22F80F6B25EF003F6147 /* Frameworks */ = {
			isa = PBXFrameworksBuildPhase;
			buildActionMask = 2147483647;
			files = (
				DB2B23590F6B27C4003F6147 /* libxml2.2.dylib in Frameworks */,
			);
			runOnlyForDeploymentPostprocessing = 0;
		};
/* End PBXFrameworksBuildPhase section */

/* Begin PBXGroup section */
		19C28FACFE9D520D11CA2CBB /* Products */ = {
			isa = PBXGroup;
			children = (
				1D6058910D05DD3D006BFB54 /* CercaMapDemo.app */,
				DB2B22FA0F6B25EF003F6147 /* libCercaMap.a */,
			);
			name = Products;
			sourceTree = "<group>";
		};
		29B97314FDCFA39411CA2CEA /* CustomTemplate */ = {
			isa = PBXGroup;
			children = (
				DB2B23000F6B260E003F6147 /* ThirdParty */,
				DB2B22FF0F6B2608003F6147 /* CercaMap */,
				DB2B22FE0F6B2601003F6147 /* CercaMapDemo */,
				29B97323FDCFA39411CA2CEA /* Frameworks */,
				19C28FACFE9D520D11CA2CBB /* Products */,
			);
			name = CustomTemplate;
			sourceTree = "<group>";
		};
		29B97323FDCFA39411CA2CEA /* Frameworks */ = {
			isa = PBXGroup;
			children = (
				DB2B23570F6B27C3003F6147 /* libxml2.2.dylib */,
				1DF5F4DF0D08C38300B7A737 /* UIKit.framework */,
				1D30AB110D05D00D00671497 /* Foundation.framework */,
				288765A40DF7441C002DB57D /* CoreGraphics.framework */,
			);
			name = Frameworks;
			sourceTree = "<group>";
		};
		DB2B22FE0F6B2601003F6147 /* CercaMapDemo */ = {
			isa = PBXGroup;
			children = (
				DB2B233D0F6B26B3003F6147 /* CercaMapDemoAppDelegate.h */,
				DB2B233E0F6B26B3003F6147 /* CercaMapDemoAppDelegate.m */,
				DB2B233F0F6B26B3003F6147 /* CercaMapDemoViewController.h */,
				DB2B23400F6B26B3003F6147 /* CercaMapDemoViewController.m */,
				DB2B23350F6B26A3003F6147 /* CercaMapDemoViewController.xib */,
				DB2B23360F6B26A3003F6147 /* Info.plist */,
				DB2B23370F6B26A3003F6147 /* main.m */,
				DB2B23380F6B26A3003F6147 /* MainWindow.xib */,
				DB2B23340F6B2695003F6147 /* config.h */,
			);
			name = CercaMapDemo;
			sourceTree = "<group>";
		};
		DB2B22FF0F6B2608003F6147 /* CercaMap */ = {
			isa = PBXGroup;
			children = (
				DB2B23100F6B2636003F6147 /* CercaMap.h */,
				DB2B23130F6B2636003F6147 /* CercaMapLocation.h */,
				DB2B23230F6B266B003F6147 /* CercaMapSize.h */,
				DB2B23220F6B266B003F6147 /* CercaMapRect.h */,
				DB2B23160F6B2636003F6147 /* CercaMapZoomLevel.h */,
				DB2B23140F6B2636003F6147 /* CercaMapType.h */,
				DB2B23150F6B2636003F6147 /* CercaMapView.h */,
				DB2B23240F6B266B003F6147 /* CercaMapView.m */,
				DB2B23110F6B2636003F6147 /* CercaMapGenerator.h */,
				DB2B231E0F6B266B003F6147 /* CercaMapGenerator.m */,
				DB2B23120F6B2636003F6147 /* CercaMapHelper.h */,
				DB2B231F0F6B266B003F6147 /* CercaMapHelper.m */,
				DB2B23200F6B266B003F6147 /* CercaMapQuad.h */,
				DB2B23210F6B266B003F6147 /* CercaMapQuad.m */,
				DB2B23300F6B2677003F6147 /* SDKSettings-iphoneos.plist */,
				DB2B23310F6B2677003F6147 /* SDKSettings-iphonesimulator.plist */,
			);
			name = CercaMap;
			sourceTree = "<group>";
		};
		DB2B23000F6B260E003F6147 /* ThirdParty */ = {
			isa = PBXGroup;
			children = (
				DB2B23010F6B2626003F6147 /* VECommonService.h */,
				DB2B23020F6B2626003F6147 /* VECommonService.m */,
				DB2B23030F6B2626003F6147 /* VEService.h */,
				DB2B23040F6B2626003F6147 /* VEService.m */,
				DB2B23050F6B2626003F6147 /* VESOAPRequest.h */,
				DB2B23060F6B2626003F6147 /* VESOAPRequest.m */,
			);
			name = ThirdParty;
			sourceTree = "<group>";
		};
/* End PBXGroup section */

/* Begin PBXHeadersBuildPhase section */
		DB2B22F60F6B25EF003F6147 /* Headers */ = {
			isa = PBXHeadersBuildPhase;
			buildActionMask = 2147483647;
			files = (
				DB2B230A0F6B2626003F6147 /* VECommonService.h in Headers */,
				DB2B230C0F6B2626003F6147 /* VEService.h in Headers */,
				DB2B230E0F6B2626003F6147 /* VESOAPRequest.h in Headers */,
				DB2B23170F6B2636003F6147 /* CercaMap.h in Headers */,
				DB2B23180F6B2636003F6147 /* CercaMapGenerator.h in Headers */,
				DB2B23190F6B2636003F6147 /* CercaMapHelper.h in Headers */,
				DB2B231A0F6B2636003F6147 /* CercaMapLocation.h in Headers */,
				DB2B231B0F6B2636003F6147 /* CercaMapType.h in Headers */,
				DB2B231C0F6B2636003F6147 /* CercaMapView.h in Headers */,
				DB2B231D0F6B2636003F6147 /* CercaMapZoomLevel.h in Headers */,
				DB2B232B0F6B266B003F6147 /* CercaMapQuad.h in Headers */,
				DB2B232D0F6B266B003F6147 /* CercaMapRect.h in Headers */,
				DB2B232E0F6B266B003F6147 /* CercaMapSize.h in Headers */,
			);
			runOnlyForDeploymentPostprocessing = 0;
		};
/* End PBXHeadersBuildPhase section */

/* Begin PBXNativeTarget section */
		1D6058900D05DD3D006BFB54 /* CercaMapDemo */ = {
			isa = PBXNativeTarget;
			buildConfigurationList = 1D6058960D05DD3E006BFB54 /* Build configuration list for PBXNativeTarget "CercaMapDemo" */;
			buildPhases = (
				1D60588D0D05DD3D006BFB54 /* Resources */,
				1D60588E0D05DD3D006BFB54 /* Sources */,
				1D60588F0D05DD3D006BFB54 /* Frameworks */,
			);
			buildRules = (
			);
			dependencies = (
			);
			name = CercaMapDemo;
			productName = CercaMapDemo;
			productReference = 1D6058910D05DD3D006BFB54 /* CercaMapDemo.app */;
			productType = "com.apple.product-type.application";
		};
		DB2B22F90F6B25EF003F6147 /* CercaMap */ = {
			isa = PBXNativeTarget;
			buildConfigurationList = DB2B22FD0F6B25F7003F6147 /* Build configuration list for PBXNativeTarget "CercaMap" */;
			buildPhases = (
				DB2B22F60F6B25EF003F6147 /* Headers */,
				DB2B22F70F6B25EF003F6147 /* Sources */,
				DB2B22F80F6B25EF003F6147 /* Frameworks */,
			);
			buildRules = (
			);
			dependencies = (
			);
			name = CercaMap;
			productName = CercaMap;
			productReference = DB2B22FA0F6B25EF003F6147 /* libCercaMap.a */;
			productType = "com.apple.product-type.library.static";
		};
/* End PBXNativeTarget section */

/* Begin PBXProject section */
		29B97313FDCFA39411CA2CEA /* Project object */ = {
			isa = PBXProject;
			buildConfigurationList = C01FCF4E08A954540054247B /* Build configuration list for PBXProject "CercaMap" */;
			compatibilityVersion = "Xcode 3.1";
			hasScannedForEncodings = 1;
			mainGroup = 29B97314FDCFA39411CA2CEA /* CustomTemplate */;
			projectDirPath = "";
			projectRoot = "";
			targets = (
				1D6058900D05DD3D006BFB54 /* CercaMapDemo */,
				DB2B22F90F6B25EF003F6147 /* CercaMap */,
			);
		};
/* End PBXProject section */

/* Begin PBXResourcesBuildPhase section */
		1D60588D0D05DD3D006BFB54 /* Resources */ = {
			isa = PBXResourcesBuildPhase;
			buildActionMask = 2147483647;
			files = (
				DB2B23390F6B26A3003F6147 /* CercaMapDemoViewController.xib in Resources */,
				DB2B233C0F6B26A3003F6147 /* MainWindow.xib in Resources */,
			);
			runOnlyForDeploymentPostprocessing = 0;
		};
/* End PBXResourcesBuildPhase section */

/* Begin PBXSourcesBuildPhase section */
		1D60588E0D05DD3D006BFB54 /* Sources */ = {
			isa = PBXSourcesBuildPhase;
			buildActionMask = 2147483647;
			files = (
				DB2B23070F6B2626003F6147 /* VECommonService.m in Sources */,
				DB2B23080F6B2626003F6147 /* VEService.m in Sources */,
				DB2B23090F6B2626003F6147 /* VESOAPRequest.m in Sources */,
				DB2B23250F6B266B003F6147 /* CercaMapGenerator.m in Sources */,
				DB2B23260F6B266B003F6147 /* CercaMapHelper.m in Sources */,
				DB2B23270F6B266B003F6147 /* CercaMapQuad.m in Sources */,
				DB2B23280F6B266B003F6147 /* CercaMapView.m in Sources */,
				DB2B233B0F6B26A3003F6147 /* main.m in Sources */,
				DB2B23410F6B26B3003F6147 /* CercaMapDemoAppDelegate.m in Sources */,
				DB2B23420F6B26B3003F6147 /* CercaMapDemoViewController.m in Sources */,
			);
			runOnlyForDeploymentPostprocessing = 0;
		};
		DB2B22F70F6B25EF003F6147 /* Sources */ = {
			isa = PBXSourcesBuildPhase;
			buildActionMask = 2147483647;
			files = (
				DB2B230B0F6B2626003F6147 /* VECommonService.m in Sources */,
				DB2B230D0F6B2626003F6147 /* VEService.m in Sources */,
				DB2B230F0F6B2626003F6147 /* VESOAPRequest.m in Sources */,
				DB2B23290F6B266B003F6147 /* CercaMapGenerator.m in Sources */,
				DB2B232A0F6B266B003F6147 /* CercaMapHelper.m in Sources */,
				DB2B232C0F6B266B003F6147 /* CercaMapQuad.m in Sources */,
				DB2B232F0F6B266B003F6147 /* CercaMapView.m in Sources */,
			);
			runOnlyForDeploymentPostprocessing = 0;
		};
/* End PBXSourcesBuildPhase section */

/* Begin XCBuildConfiguration section */
		1D6058940D05DD3E006BFB54 /* Debug */ = {
			isa = XCBuildConfiguration;
			buildSettings = {
				ALWAYS_SEARCH_USER_PATHS = NO;
				COPY_PHASE_STRIP = NO;
				GCC_DYNAMIC_NO_PIC = NO;
				GCC_OPTIMIZATION_LEVEL = 0;
				GCC_PRECOMPILE_PREFIX_HEADER = YES;
				GCC_PREFIX_HEADER = CercaMap_Prefix.pch;
				INFOPLIST_FILE = DemoProject/Info.plist;
				PRODUCT_NAME = CercaMapDemo;
			};
			name = Debug;
		};
		1D6058950D05DD3E006BFB54 /* Release */ = {
			isa = XCBuildConfiguration;
			buildSettings = {
				ALWAYS_SEARCH_USER_PATHS = NO;
				COPY_PHASE_STRIP = YES;
				GCC_PRECOMPILE_PREFIX_HEADER = YES;
				GCC_PREFIX_HEADER = CercaMap_Prefix.pch;
				INFOPLIST_FILE = DemoProject/Info.plist;
				PRODUCT_NAME = CercaMapDemo;
			};
			name = Release;
		};
		C01FCF4F08A954540054247B /* Debug */ = {
			isa = XCBuildConfiguration;
			buildSettings = {
				ARCHS = "$(ARCHS_STANDARD_32_BIT)";
				"CODE_SIGN_IDENTITY[sdk=iphoneos*]" = "iPhone Developer";
				GCC_C_LANGUAGE_STANDARD = c99;
				GCC_WARN_ABOUT_RETURN_TYPE = YES;
				GCC_WARN_UNUSED_VARIABLE = YES;
				HEADER_SEARCH_PATHS = (
					include/,
					ThirdParty/,
					"$(SDKROOT)/usr/include/libxml2/",
				);
				ONLY_ACTIVE_ARCH = YES;
				PREBINDING = NO;
				SDKROOT = iphoneos2.0;
			};
			name = Debug;
		};
		C01FCF5008A954540054247B /* Release */ = {
			isa = XCBuildConfiguration;
			buildSettings = {
				ARCHS = "$(ARCHS_STANDARD_32_BIT)";
				"CODE_SIGN_IDENTITY[sdk=iphoneos*]" = "iPhone Developer";
				GCC_C_LANGUAGE_STANDARD = c99;
				GCC_WARN_ABOUT_RETURN_TYPE = YES;
				GCC_WARN_UNUSED_VARIABLE = YES;
				HEADER_SEARCH_PATHS = (
					include/,
					ThirdParty/,
					"$(SDKROOT)/usr/include/libxml2/",
				);
				PREBINDING = NO;
				SDKROOT = iphoneos2.0;
			};
			name = Release;
		};
		DB2B22FB0F6B25EF003F6147 /* Debug */ = {
			isa = XCBuildConfiguration;
			buildSettings = {
				ALWAYS_SEARCH_USER_PATHS = NO;
				COPY_PHASE_STRIP = NO;
				CURRENT_PROJECT_VERSION = 1.0;
				GCC_DYNAMIC_NO_PIC = NO;
				GCC_OPTIMIZATION_LEVEL = 0;
				PREBINDING = NO;
				PRIVATE_HEADERS_FOLDER_PATH = /usr/local/include/CercaMap;
				PRODUCT_NAME = CercaMap;
				PUBLIC_HEADERS_FOLDER_PATH = /usr/local/include/CercaMap;
				SKIP_INSTALL = NO;
				VERSIONING_SYSTEM = "apple-generic";
			};
			name = Debug;
		};
		DB2B22FC0F6B25EF003F6147 /* Release */ = {
			isa = XCBuildConfiguration;
			buildSettings = {
				ALWAYS_SEARCH_USER_PATHS = NO;
				COPY_PHASE_STRIP = YES;
				CURRENT_PROJECT_VERSION = 1.0;
				DEBUG_INFORMATION_FORMAT = "dwarf-with-dsym";
				GCC_ENABLE_FIX_AND_CONTINUE = NO;
				PREBINDING = NO;
				PRIVATE_HEADERS_FOLDER_PATH = /usr/local/include/CercaMap;
				PRODUCT_NAME = CercaMap;
				PUBLIC_HEADERS_FOLDER_PATH = /usr/local/include/CercaMap;
				SKIP_INSTALL = NO;
				VERSIONING_SYSTEM = "apple-generic";
				ZERO_LINK = NO;
			};
			name = Release;
		};
/* End XCBuildConfiguration section */

/* Begin XCConfigurationList section */
		1D6058960D05DD3E006BFB54 /* Build configuration list for PBXNativeTarget "CercaMapDemo" */ = {
			isa = XCConfigurationList;
			buildConfigurations = (
				1D6058940D05DD3E006BFB54 /* Debug */,
				1D6058950D05DD3E006BFB54 /* Release */,
			);
			defaultConfigurationIsVisible = 0;
			defaultConfigurationName = Release;
		};
		C01FCF4E08A954540054247B /* Build configuration list for PBXProject "CercaMap" */ = {
			isa = XCConfigurationList;
			buildConfigurations = (
				C01FCF4F08A954540054247B /* Debug */,
				C01FCF5008A954540054247B /* Release */,
			);
			defaultConfigurationIsVisible = 0;
			defaultConfigurationName = Release;
		};
		DB2B22FD0F6B25F7003F6147 /* Build configuration list for PBXNativeTarget "CercaMap" */ = {
			isa = XCConfigurationList;
			buildConfigurations = (
				DB2B22FB0F6B25EF003F6147 /* Debug */,
				DB2B22FC0F6B25EF003F6147 /* Release */,
			);
			defaultConfigurationIsVisible = 0;
			defaultConfigurationName = Release;
		};
/* End XCConfigurationList section */
	};
	rootObject = 29B97313FDCFA39411CA2CEA /* Project object */;
}
