// !$*UTF8*$!
{
	archiveVersion = 1;
	classes = {
	};
	objectVersion = 45;
	objects = {

/* Begin PBXBuildFile section */
		DBA4DD6C0F697668001DC2A2 /* CercaMap.h in Headers */ = {isa = PBXBuildFile; fileRef = DBA4DCC70F696D6A001DC2A2 /* CercaMap.h */; settings = {ATTRIBUTES = (Public, ); }; };
		DBA4DD6D0F697668001DC2A2 /* CercaMapView.h in Headers */ = {isa = PBXBuildFile; fileRef = DBC1CF2D0F673BE00026BF9C /* CercaMapView.h */; settings = {ATTRIBUTES = (Public, ); }; };
		DBA4DD6E0F697668001DC2A2 /* CercaMapPoint.h in Headers */ = {isa = PBXBuildFile; fileRef = DBC1D2050F6767940026BF9C /* CercaMapPoint.h */; settings = {ATTRIBUTES = (Public, ); }; };
		DBA4DD6F0F697668001DC2A2 /* CercaMapSize.h in Headers */ = {isa = PBXBuildFile; fileRef = DBA4D6110F685C2D001DC2A2 /* CercaMapSize.h */; settings = {ATTRIBUTES = (Public, ); }; };
		DBA4DD700F697668001DC2A2 /* CercaMapRect.h in Headers */ = {isa = PBXBuildFile; fileRef = DBA4D6120F685C62001DC2A2 /* CercaMapRect.h */; settings = {ATTRIBUTES = (Public, ); }; };
		DBA4DD710F697668001DC2A2 /* CercaMapType.h in Headers */ = {isa = PBXBuildFile; fileRef = DBA4D9E30F68E064001DC2A2 /* CercaMapType.h */; settings = {ATTRIBUTES = (Public, ); }; };
		DBA4DD720F697668001DC2A2 /* CercaMapGenerator.h in Headers */ = {isa = PBXBuildFile; fileRef = DBA4DA880F6954A2001DC2A2 /* CercaMapGenerator.h */; settings = {ATTRIBUTES = (Public, ); }; };
		DBA4DD730F697668001DC2A2 /* CercaMapHelper.h in Headers */ = {isa = PBXBuildFile; fileRef = DBA4DA8F0F6956E2001DC2A2 /* CercaMapHelper.h */; settings = {ATTRIBUTES = (Public, ); }; };
		DBA4DD740F697680001DC2A2 /* CercaMapView.m in Sources */ = {isa = PBXBuildFile; fileRef = DBC1CF2E0F673BE00026BF9C /* CercaMapView.m */; };
		DBA4DD750F697680001DC2A2 /* CercaMapGenerator.m in Sources */ = {isa = PBXBuildFile; fileRef = DBA4DA890F6954A2001DC2A2 /* CercaMapGenerator.m */; };
		DBA4DD760F697680001DC2A2 /* CercaMapQuad.m in Sources */ = {isa = PBXBuildFile; fileRef = DBA4D60F0F685BB2001DC2A2 /* CercaMapQuad.m */; };
		DBA4DD770F697680001DC2A2 /* CercaMapHelper.m in Sources */ = {isa = PBXBuildFile; fileRef = DBA4DA900F6956E2001DC2A2 /* CercaMapHelper.m */; };
		DBA4DDC40F69781D001DC2A2 /* Foundation.framework in Frameworks */ = {isa = PBXBuildFile; fileRef = DBA4DDC30F69781D001DC2A2 /* Foundation.framework */; };
		DBA4DE0D0F697837001DC2A2 /* CoreGraphics.framework in Frameworks */ = {isa = PBXBuildFile; fileRef = DBA4DE0C0F697837001DC2A2 /* CoreGraphics.framework */; };
		DBA4DE2E0F697844001DC2A2 /* UIKit.framework in Frameworks */ = {isa = PBXBuildFile; fileRef = DBA4DE2D0F697844001DC2A2 /* UIKit.framework */; };
		DBA4DE6C0F6978D1001DC2A2 /* CoreLocation.framework in Frameworks */ = {isa = PBXBuildFile; fileRef = DBA4DE6B0F6978D1001DC2A2 /* CoreLocation.framework */; };
		DBCACD870F698CFA00054D18 /* VECommonService.m in Sources */ = {isa = PBXBuildFile; fileRef = DBC1CFA00F673EE70026BF9C /* VECommonService.m */; };
		DBCACD8F0F698D2600054D18 /* VEService.m in Sources */ = {isa = PBXBuildFile; fileRef = DBC1CFBD0F673EE70026BF9C /* VEService.m */; };
		DBCACD950F698D4600054D18 /* VESOAPRequest.m in Sources */ = {isa = PBXBuildFile; fileRef = DBC1CFC20F673EE70026BF9C /* VESOAPRequest.m */; };
		DBFD235A0F69CDAB00DA5280 /* CercaMapZoomLevel.h in Headers */ = {isa = PBXBuildFile; fileRef = DBFD23580F69CDAB00DA5280 /* CercaMapZoomLevel.h */; settings = {ATTRIBUTES = (Public, ); }; };
/* End PBXBuildFile section */

/* Begin PBXFileReference section */
		DBA4D60E0F685BB2001DC2A2 /* CercaMapQuad.h */ = {isa = PBXFileReference; fileEncoding = 4; lastKnownFileType = sourcecode.c.h; name = CercaMapQuad.h; path = src/CercaMapQuad.h; sourceTree = "<group>"; };
		DBA4D60F0F685BB2001DC2A2 /* CercaMapQuad.m */ = {isa = PBXFileReference; fileEncoding = 4; lastKnownFileType = sourcecode.c.objc; name = CercaMapQuad.m; path = src/CercaMapQuad.m; sourceTree = "<group>"; };
		DBA4D6110F685C2D001DC2A2 /* CercaMapSize.h */ = {isa = PBXFileReference; fileEncoding = 4; lastKnownFileType = sourcecode.c.h; name = CercaMapSize.h; path = src/CercaMapSize.h; sourceTree = "<group>"; };
		DBA4D6120F685C62001DC2A2 /* CercaMapRect.h */ = {isa = PBXFileReference; fileEncoding = 4; lastKnownFileType = sourcecode.c.h; name = CercaMapRect.h; path = src/CercaMapRect.h; sourceTree = "<group>"; };
		DBA4D9E30F68E064001DC2A2 /* CercaMapType.h */ = {isa = PBXFileReference; fileEncoding = 4; lastKnownFileType = sourcecode.c.h; name = CercaMapType.h; path = src/CercaMapType.h; sourceTree = "<group>"; };
		DBA4DA880F6954A2001DC2A2 /* CercaMapGenerator.h */ = {isa = PBXFileReference; fileEncoding = 4; lastKnownFileType = sourcecode.c.h; name = CercaMapGenerator.h; path = src/CercaMapGenerator.h; sourceTree = "<group>"; };
		DBA4DA890F6954A2001DC2A2 /* CercaMapGenerator.m */ = {isa = PBXFileReference; fileEncoding = 4; lastKnownFileType = sourcecode.c.objc; name = CercaMapGenerator.m; path = src/CercaMapGenerator.m; sourceTree = "<group>"; };
		DBA4DA8F0F6956E2001DC2A2 /* CercaMapHelper.h */ = {isa = PBXFileReference; fileEncoding = 4; lastKnownFileType = sourcecode.c.h; name = CercaMapHelper.h; path = src/CercaMapHelper.h; sourceTree = "<group>"; };
		DBA4DA900F6956E2001DC2A2 /* CercaMapHelper.m */ = {isa = PBXFileReference; fileEncoding = 4; lastKnownFileType = sourcecode.c.objc; name = CercaMapHelper.m; path = src/CercaMapHelper.m; sourceTree = "<group>"; };
		DBA4DCC70F696D6A001DC2A2 /* CercaMap.h */ = {isa = PBXFileReference; fileEncoding = 4; lastKnownFileType = sourcecode.c.h; name = CercaMap.h; path = src/CercaMap.h; sourceTree = "<group>"; };
		DBA4DD690F69765C001DC2A2 /* libCercaMap.a */ = {isa = PBXFileReference; explicitFileType = archive.ar; includeInIndex = 0; path = libCercaMap.a; sourceTree = BUILT_PRODUCTS_DIR; };
		DBA4DDC30F69781D001DC2A2 /* Foundation.framework */ = {isa = PBXFileReference; lastKnownFileType = wrapper.framework; name = Foundation.framework; path = System/Library/Frameworks/Foundation.framework; sourceTree = SDKROOT; };
		DBA4DE0C0F697837001DC2A2 /* CoreGraphics.framework */ = {isa = PBXFileReference; lastKnownFileType = wrapper.framework; name = CoreGraphics.framework; path = System/Library/Frameworks/CoreGraphics.framework; sourceTree = SDKROOT; };
		DBA4DE2D0F697844001DC2A2 /* UIKit.framework */ = {isa = PBXFileReference; lastKnownFileType = wrapper.framework; name = UIKit.framework; path = System/Library/Frameworks/UIKit.framework; sourceTree = SDKROOT; };
		DBA4DE6B0F6978D1001DC2A2 /* CoreLocation.framework */ = {isa = PBXFileReference; lastKnownFileType = wrapper.framework; name = CoreLocation.framework; path = System/Library/Frameworks/CoreLocation.framework; sourceTree = SDKROOT; };
		DBA4DE970F698062001DC2A2 /* SDKSettings-iphoneos.plist */ = {isa = PBXFileReference; fileEncoding = 4; lastKnownFileType = text.plist.xml; name = "SDKSettings-iphoneos.plist"; path = "rsrc/SDKSettings-iphoneos.plist"; sourceTree = "<group>"; };
		DBA4DE980F698062001DC2A2 /* SDKSettings-iphonesimulator.plist */ = {isa = PBXFileReference; fileEncoding = 4; lastKnownFileType = text.plist.xml; name = "SDKSettings-iphonesimulator.plist"; path = "rsrc/SDKSettings-iphonesimulator.plist"; sourceTree = "<group>"; };
		DBC1CF2D0F673BE00026BF9C /* CercaMapView.h */ = {isa = PBXFileReference; fileEncoding = 4; lastKnownFileType = sourcecode.c.h; name = CercaMapView.h; path = src/CercaMapView.h; sourceTree = "<group>"; };
		DBC1CF2E0F673BE00026BF9C /* CercaMapView.m */ = {isa = PBXFileReference; fileEncoding = 4; lastKnownFileType = sourcecode.c.objc; name = CercaMapView.m; path = src/CercaMapView.m; sourceTree = "<group>"; };
		DBC1CF340F673BFC0026BF9C /* CercaMap_Prefix.pch */ = {isa = PBXFileReference; fileEncoding = 4; lastKnownFileType = sourcecode.c.h; path = CercaMap_Prefix.pch; sourceTree = "<group>"; };
		DBC1CF7F0F673EA00026BF9C /* libxml2.2.dylib */ = {isa = PBXFileReference; lastKnownFileType = "compiled.mach-o.dylib"; name = libxml2.2.dylib; path = usr/lib/libxml2.2.dylib; sourceTree = SDKROOT; };
		DBC1CF950F673EE70026BF9C /* MPFindRequest.h */ = {isa = PBXFileReference; fileEncoding = 4; lastKnownFileType = sourcecode.c.h; name = MPFindRequest.h; path = ThirdParty/VirtualEarthKit/MPFindRequest.h; sourceTree = "<group>"; };
		DBC1CF960F673EE70026BF9C /* MPFindRequest.m */ = {isa = PBXFileReference; fileEncoding = 4; lastKnownFileType = sourcecode.c.objc; name = MPFindRequest.m; path = ThirdParty/VirtualEarthKit/MPFindRequest.m; sourceTree = "<group>"; };
		DBC1CF970F673EE70026BF9C /* MPFindResult.h */ = {isa = PBXFileReference; fileEncoding = 4; lastKnownFileType = sourcecode.c.h; name = MPFindResult.h; path = ThirdParty/VirtualEarthKit/MPFindResult.h; sourceTree = "<group>"; };
		DBC1CF980F673EE70026BF9C /* MPFindResult.m */ = {isa = PBXFileReference; fileEncoding = 4; lastKnownFileType = sourcecode.c.objc; name = MPFindResult.m; path = ThirdParty/VirtualEarthKit/MPFindResult.m; sourceTree = "<group>"; };
		DBC1CF990F673EE70026BF9C /* MPFindService.h */ = {isa = PBXFileReference; fileEncoding = 4; lastKnownFileType = sourcecode.c.h; name = MPFindService.h; path = ThirdParty/VirtualEarthKit/MPFindService.h; sourceTree = "<group>"; };
		DBC1CF9A0F673EE70026BF9C /* MPFindService.m */ = {isa = PBXFileReference; fileEncoding = 4; lastKnownFileType = sourcecode.c.objc; name = MPFindService.m; path = ThirdParty/VirtualEarthKit/MPFindService.m; sourceTree = "<group>"; };
		DBC1CF9B0F673EE70026BF9C /* MPRequest.h */ = {isa = PBXFileReference; fileEncoding = 4; lastKnownFileType = sourcecode.c.h; name = MPRequest.h; path = ThirdParty/VirtualEarthKit/MPRequest.h; sourceTree = "<group>"; };
		DBC1CF9C0F673EE70026BF9C /* MPRequest.m */ = {isa = PBXFileReference; fileEncoding = 4; lastKnownFileType = sourcecode.c.objc; name = MPRequest.m; path = ThirdParty/VirtualEarthKit/MPRequest.m; sourceTree = "<group>"; };
		DBC1CF9D0F673EE70026BF9C /* VEAddressUtilities.h */ = {isa = PBXFileReference; fileEncoding = 4; lastKnownFileType = sourcecode.c.h; name = VEAddressUtilities.h; path = ThirdParty/VirtualEarthKit/VEAddressUtilities.h; sourceTree = "<group>"; };
		DBC1CF9E0F673EE70026BF9C /* VEAddressUtilities.m */ = {isa = PBXFileReference; fileEncoding = 4; lastKnownFileType = sourcecode.c.objc; name = VEAddressUtilities.m; path = ThirdParty/VirtualEarthKit/VEAddressUtilities.m; sourceTree = "<group>"; };
		DBC1CF9F0F673EE70026BF9C /* VECommonService.h */ = {isa = PBXFileReference; fileEncoding = 4; lastKnownFileType = sourcecode.c.h; name = VECommonService.h; path = ThirdParty/VirtualEarthKit/VECommonService.h; sourceTree = "<group>"; };
		DBC1CFA00F673EE70026BF9C /* VECommonService.m */ = {isa = PBXFileReference; fileEncoding = 4; lastKnownFileType = sourcecode.c.objc; name = VECommonService.m; path = ThirdParty/VirtualEarthKit/VECommonService.m; sourceTree = "<group>"; };
		DBC1CFA10F673EE70026BF9C /* VEGeocodeRequest.h */ = {isa = PBXFileReference; fileEncoding = 4; lastKnownFileType = sourcecode.c.h; name = VEGeocodeRequest.h; path = ThirdParty/VirtualEarthKit/VEGeocodeRequest.h; sourceTree = "<group>"; };
		DBC1CFA20F673EE70026BF9C /* VEGeocodeRequest.m */ = {isa = PBXFileReference; fileEncoding = 4; lastKnownFileType = sourcecode.c.objc; name = VEGeocodeRequest.m; path = ThirdParty/VirtualEarthKit/VEGeocodeRequest.m; sourceTree = "<group>"; };
		DBC1CFA30F673EE70026BF9C /* VEGeocodeResult.h */ = {isa = PBXFileReference; fileEncoding = 4; lastKnownFileType = sourcecode.c.h; name = VEGeocodeResult.h; path = ThirdParty/VirtualEarthKit/VEGeocodeResult.h; sourceTree = "<group>"; };
		DBC1CFA40F673EE70026BF9C /* VEGeocodeResult.m */ = {isa = PBXFileReference; fileEncoding = 4; lastKnownFileType = sourcecode.c.objc; name = VEGeocodeResult.m; path = ThirdParty/VirtualEarthKit/VEGeocodeResult.m; sourceTree = "<group>"; };
		DBC1CFA50F673EE70026BF9C /* VEGeocodeService.h */ = {isa = PBXFileReference; fileEncoding = 4; lastKnownFileType = sourcecode.c.h; name = VEGeocodeService.h; path = ThirdParty/VirtualEarthKit/VEGeocodeService.h; sourceTree = "<group>"; };
		DBC1CFA60F673EE70026BF9C /* VEGeocodeService.m */ = {isa = PBXFileReference; fileEncoding = 4; lastKnownFileType = sourcecode.c.objc; name = VEGeocodeService.m; path = ThirdParty/VirtualEarthKit/VEGeocodeService.m; sourceTree = "<group>"; };
		DBC1CFA70F673EE70026BF9C /* VEGetMapURIRequest.h */ = {isa = PBXFileReference; fileEncoding = 4; lastKnownFileType = sourcecode.c.h; name = VEGetMapURIRequest.h; path = ThirdParty/VirtualEarthKit/VEGetMapURIRequest.h; sourceTree = "<group>"; };
		DBC1CFA80F673EE70026BF9C /* VEGetMapURIRequest.m */ = {isa = PBXFileReference; fileEncoding = 4; lastKnownFileType = sourcecode.c.objc; name = VEGetMapURIRequest.m; path = ThirdParty/VirtualEarthKit/VEGetMapURIRequest.m; sourceTree = "<group>"; };
		DBC1CFA90F673EE70026BF9C /* VEGetMapURIResponse.h */ = {isa = PBXFileReference; fileEncoding = 4; lastKnownFileType = sourcecode.c.h; name = VEGetMapURIResponse.h; path = ThirdParty/VirtualEarthKit/VEGetMapURIResponse.h; sourceTree = "<group>"; };
		DBC1CFAA0F673EE70026BF9C /* VEGetMapURIResponse.m */ = {isa = PBXFileReference; fileEncoding = 4; lastKnownFileType = sourcecode.c.objc; name = VEGetMapURIResponse.m; path = ThirdParty/VirtualEarthKit/VEGetMapURIResponse.m; sourceTree = "<group>"; };
		DBC1CFAB0F673EE70026BF9C /* VEImageryMetadataRequest.h */ = {isa = PBXFileReference; fileEncoding = 4; lastKnownFileType = sourcecode.c.h; name = VEImageryMetadataRequest.h; path = ThirdParty/VirtualEarthKit/VEImageryMetadataRequest.h; sourceTree = "<group>"; };
		DBC1CFAC0F673EE70026BF9C /* VEImageryMetadataRequest.m */ = {isa = PBXFileReference; fileEncoding = 4; lastKnownFileType = sourcecode.c.objc; name = VEImageryMetadataRequest.m; path = ThirdParty/VirtualEarthKit/VEImageryMetadataRequest.m; sourceTree = "<group>"; };
		DBC1CFAD0F673EE70026BF9C /* VEImageryResult.h */ = {isa = PBXFileReference; fileEncoding = 4; lastKnownFileType = sourcecode.c.h; name = VEImageryResult.h; path = ThirdParty/VirtualEarthKit/VEImageryResult.h; sourceTree = "<group>"; };
		DBC1CFAE0F673EE70026BF9C /* VEImageryResult.m */ = {isa = PBXFileReference; fileEncoding = 4; lastKnownFileType = sourcecode.c.objc; name = VEImageryResult.m; path = ThirdParty/VirtualEarthKit/VEImageryResult.m; sourceTree = "<group>"; };
		DBC1CFAF0F673EE70026BF9C /* VEImageryService.h */ = {isa = PBXFileReference; fileEncoding = 4; lastKnownFileType = sourcecode.c.h; name = VEImageryService.h; path = ThirdParty/VirtualEarthKit/VEImageryService.h; sourceTree = "<group>"; };
		DBC1CFB00F673EE70026BF9C /* VEImageryService.m */ = {isa = PBXFileReference; fileEncoding = 4; lastKnownFileType = sourcecode.c.objc; name = VEImageryService.m; path = ThirdParty/VirtualEarthKit/VEImageryService.m; sourceTree = "<group>"; };
		DBC1CFB10F673EE70026BF9C /* VELocationUtilities.h */ = {isa = PBXFileReference; fileEncoding = 4; lastKnownFileType = sourcecode.c.h; name = VELocationUtilities.h; path = ThirdParty/VirtualEarthKit/VELocationUtilities.h; sourceTree = "<group>"; };
		DBC1CFB20F673EE70026BF9C /* VELocationUtilities.m */ = {isa = PBXFileReference; fileEncoding = 4; lastKnownFileType = sourcecode.c.objc; name = VELocationUtilities.m; path = ThirdParty/VirtualEarthKit/VELocationUtilities.m; sourceTree = "<group>"; };
		DBC1CFB30F673EE70026BF9C /* VEPushPin.h */ = {isa = PBXFileReference; fileEncoding = 4; lastKnownFileType = sourcecode.c.h; name = VEPushPin.h; path = ThirdParty/VirtualEarthKit/VEPushPin.h; sourceTree = "<group>"; };
		DBC1CFB40F673EE70026BF9C /* VEPushPin.m */ = {isa = PBXFileReference; fileEncoding = 4; lastKnownFileType = sourcecode.c.objc; name = VEPushPin.m; path = ThirdParty/VirtualEarthKit/VEPushPin.m; sourceTree = "<group>"; };
		DBC1CFB50F673EE70026BF9C /* VERequest.h */ = {isa = PBXFileReference; fileEncoding = 4; lastKnownFileType = sourcecode.c.h; name = VERequest.h; path = ThirdParty/VirtualEarthKit/VERequest.h; sourceTree = "<group>"; };
		DBC1CFB60F673EE70026BF9C /* VERequest.m */ = {isa = PBXFileReference; fileEncoding = 4; lastKnownFileType = sourcecode.c.objc; name = VERequest.m; path = ThirdParty/VirtualEarthKit/VERequest.m; sourceTree = "<group>"; };
		DBC1CFB70F673EE70026BF9C /* VERequestPrivate.h */ = {isa = PBXFileReference; fileEncoding = 4; lastKnownFileType = sourcecode.c.h; name = VERequestPrivate.h; path = ThirdParty/VirtualEarthKit/VERequestPrivate.h; sourceTree = "<group>"; };
		DBC1CFB80F673EE70026BF9C /* VEResult.h */ = {isa = PBXFileReference; fileEncoding = 4; lastKnownFileType = sourcecode.c.h; name = VEResult.h; path = ThirdParty/VirtualEarthKit/VEResult.h; sourceTree = "<group>"; };
		DBC1CFB90F673EE70026BF9C /* VEResult.m */ = {isa = PBXFileReference; fileEncoding = 4; lastKnownFileType = sourcecode.c.objc; name = VEResult.m; path = ThirdParty/VirtualEarthKit/VEResult.m; sourceTree = "<group>"; };
		DBC1CFBA0F673EE70026BF9C /* VEReverseGeocodeRequest.h */ = {isa = PBXFileReference; fileEncoding = 4; lastKnownFileType = sourcecode.c.h; name = VEReverseGeocodeRequest.h; path = ThirdParty/VirtualEarthKit/VEReverseGeocodeRequest.h; sourceTree = "<group>"; };
		DBC1CFBB0F673EE70026BF9C /* VEReverseGeocodeRequest.m */ = {isa = PBXFileReference; fileEncoding = 4; lastKnownFileType = sourcecode.c.objc; name = VEReverseGeocodeRequest.m; path = ThirdParty/VirtualEarthKit/VEReverseGeocodeRequest.m; sourceTree = "<group>"; };
		DBC1CFBC0F673EE70026BF9C /* VEService.h */ = {isa = PBXFileReference; fileEncoding = 4; lastKnownFileType = sourcecode.c.h; name = VEService.h; path = ThirdParty/VirtualEarthKit/VEService.h; sourceTree = "<group>"; };
		DBC1CFBD0F673EE70026BF9C /* VEService.m */ = {isa = PBXFileReference; fileEncoding = 4; lastKnownFileType = sourcecode.c.objc; name = VEService.m; path = ThirdParty/VirtualEarthKit/VEService.m; sourceTree = "<group>"; };
		DBC1CFBE0F673EE70026BF9C /* VEServicePrivate.h */ = {isa = PBXFileReference; fileEncoding = 4; lastKnownFileType = sourcecode.c.h; name = VEServicePrivate.h; path = ThirdParty/VirtualEarthKit/VEServicePrivate.h; sourceTree = "<group>"; };
		DBC1CFBF0F673EE70026BF9C /* VEServiceResponse.h */ = {isa = PBXFileReference; fileEncoding = 4; lastKnownFileType = sourcecode.c.h; name = VEServiceResponse.h; path = ThirdParty/VirtualEarthKit/VEServiceResponse.h; sourceTree = "<group>"; };
		DBC1CFC00F673EE70026BF9C /* VEServiceResponse.m */ = {isa = PBXFileReference; fileEncoding = 4; lastKnownFileType = sourcecode.c.objc; name = VEServiceResponse.m; path = ThirdParty/VirtualEarthKit/VEServiceResponse.m; sourceTree = "<group>"; };
		DBC1CFC10F673EE70026BF9C /* VESOAPRequest.h */ = {isa = PBXFileReference; fileEncoding = 4; lastKnownFileType = sourcecode.c.h; name = VESOAPRequest.h; path = ThirdParty/VirtualEarthKit/VESOAPRequest.h; sourceTree = "<group>"; };
		DBC1CFC20F673EE70026BF9C /* VESOAPRequest.m */ = {isa = PBXFileReference; fileEncoding = 4; lastKnownFileType = sourcecode.c.objc; name = VESOAPRequest.m; path = ThirdParty/VirtualEarthKit/VESOAPRequest.m; sourceTree = "<group>"; };
		DBC1CFC30F673EE70026BF9C /* VEUserProfile.h */ = {isa = PBXFileReference; fileEncoding = 4; lastKnownFileType = sourcecode.c.h; name = VEUserProfile.h; path = ThirdParty/VirtualEarthKit/VEUserProfile.h; sourceTree = "<group>"; };
		DBC1CFC40F673EE70026BF9C /* VEUserProfile.m */ = {isa = PBXFileReference; fileEncoding = 4; lastKnownFileType = sourcecode.c.objc; name = VEUserProfile.m; path = ThirdParty/VirtualEarthKit/VEUserProfile.m; sourceTree = "<group>"; };
		DBC1D2050F6767940026BF9C /* CercaMapPoint.h */ = {isa = PBXFileReference; fileEncoding = 4; lastKnownFileType = sourcecode.c.h; name = CercaMapPoint.h; path = src/CercaMapPoint.h; sourceTree = "<group>"; };
		DBFD23580F69CDAB00DA5280 /* CercaMapZoomLevel.h */ = {isa = PBXFileReference; fileEncoding = 4; lastKnownFileType = sourcecode.c.h; name = CercaMapZoomLevel.h; path = src/CercaMapZoomLevel.h; sourceTree = "<group>"; };
/* End PBXFileReference section */

/* Begin PBXFrameworksBuildPhase section */
		DBA4DD670F69765C001DC2A2 /* Frameworks */ = {
			isa = PBXFrameworksBuildPhase;
			buildActionMask = 2147483647;
			files = (
				DBA4DDC40F69781D001DC2A2 /* Foundation.framework in Frameworks */,
				DBA4DE0D0F697837001DC2A2 /* CoreGraphics.framework in Frameworks */,
				DBA4DE2E0F697844001DC2A2 /* UIKit.framework in Frameworks */,
				DBA4DE6C0F6978D1001DC2A2 /* CoreLocation.framework in Frameworks */,
			);
			runOnlyForDeploymentPostprocessing = 0;
		};
/* End PBXFrameworksBuildPhase section */

/* Begin PBXGroup section */
		19C28FACFE9D520D11CA2CBB /* Products */ = {
			isa = PBXGroup;
			children = (
				DBA4DD690F69765C001DC2A2 /* libCercaMap.a */,
			);
			name = Products;
			sourceTree = "<group>";
		};
		29B97314FDCFA39411CA2CEA /* CustomTemplate */ = {
			isa = PBXGroup;
			children = (
				DBC1D1310F6750030026BF9C /* Sources */,
				DBA4DE8D0F697C21001DC2A2 /* Resources */,
				DBC1CF930F673ED00026BF9C /* Third Party */,
				29B97323FDCFA39411CA2CEA /* Frameworks */,
				19C28FACFE9D520D11CA2CBB /* Products */,
			);
			name = CustomTemplate;
			sourceTree = "<group>";
		};
		29B97323FDCFA39411CA2CEA /* Frameworks */ = {
			isa = PBXGroup;
			children = (
				DBA4DDC30F69781D001DC2A2 /* Foundation.framework */,
				DBA4DE0C0F697837001DC2A2 /* CoreGraphics.framework */,
				DBA4DE2D0F697844001DC2A2 /* UIKit.framework */,
				DBA4DE6B0F6978D1001DC2A2 /* CoreLocation.framework */,
				DBC1CF7F0F673EA00026BF9C /* libxml2.2.dylib */,
			);
			name = Frameworks;
			sourceTree = "<group>";
		};
		DBA4DE8D0F697C21001DC2A2 /* Resources */ = {
			isa = PBXGroup;
			children = (
				DBA4DE970F698062001DC2A2 /* SDKSettings-iphoneos.plist */,
				DBA4DE980F698062001DC2A2 /* SDKSettings-iphonesimulator.plist */,
			);
			name = Resources;
			sourceTree = "<group>";
		};
		DBC1CF930F673ED00026BF9C /* Third Party */ = {
			isa = PBXGroup;
			children = (
				DBC1CF940F673ED80026BF9C /* VirtualEarthKit */,
			);
			name = "Third Party";
			sourceTree = "<group>";
		};
		DBC1CF940F673ED80026BF9C /* VirtualEarthKit */ = {
			isa = PBXGroup;
			children = (
				DBC1CF950F673EE70026BF9C /* MPFindRequest.h */,
				DBC1CF960F673EE70026BF9C /* MPFindRequest.m */,
				DBC1CF970F673EE70026BF9C /* MPFindResult.h */,
				DBC1CF980F673EE70026BF9C /* MPFindResult.m */,
				DBC1CF990F673EE70026BF9C /* MPFindService.h */,
				DBC1CF9A0F673EE70026BF9C /* MPFindService.m */,
				DBC1CF9B0F673EE70026BF9C /* MPRequest.h */,
				DBC1CF9C0F673EE70026BF9C /* MPRequest.m */,
				DBC1CF9D0F673EE70026BF9C /* VEAddressUtilities.h */,
				DBC1CF9E0F673EE70026BF9C /* VEAddressUtilities.m */,
				DBC1CF9F0F673EE70026BF9C /* VECommonService.h */,
				DBC1CFA00F673EE70026BF9C /* VECommonService.m */,
				DBC1CFA10F673EE70026BF9C /* VEGeocodeRequest.h */,
				DBC1CFA20F673EE70026BF9C /* VEGeocodeRequest.m */,
				DBC1CFA30F673EE70026BF9C /* VEGeocodeResult.h */,
				DBC1CFA40F673EE70026BF9C /* VEGeocodeResult.m */,
				DBC1CFA50F673EE70026BF9C /* VEGeocodeService.h */,
				DBC1CFA60F673EE70026BF9C /* VEGeocodeService.m */,
				DBC1CFA70F673EE70026BF9C /* VEGetMapURIRequest.h */,
				DBC1CFA80F673EE70026BF9C /* VEGetMapURIRequest.m */,
				DBC1CFA90F673EE70026BF9C /* VEGetMapURIResponse.h */,
				DBC1CFAA0F673EE70026BF9C /* VEGetMapURIResponse.m */,
				DBC1CFAB0F673EE70026BF9C /* VEImageryMetadataRequest.h */,
				DBC1CFAC0F673EE70026BF9C /* VEImageryMetadataRequest.m */,
				DBC1CFAD0F673EE70026BF9C /* VEImageryResult.h */,
				DBC1CFAE0F673EE70026BF9C /* VEImageryResult.m */,
				DBC1CFAF0F673EE70026BF9C /* VEImageryService.h */,
				DBC1CFB00F673EE70026BF9C /* VEImageryService.m */,
				DBC1CFB10F673EE70026BF9C /* VELocationUtilities.h */,
				DBC1CFB20F673EE70026BF9C /* VELocationUtilities.m */,
				DBC1CFB30F673EE70026BF9C /* VEPushPin.h */,
				DBC1CFB40F673EE70026BF9C /* VEPushPin.m */,
				DBC1CFB50F673EE70026BF9C /* VERequest.h */,
				DBC1CFB60F673EE70026BF9C /* VERequest.m */,
				DBC1CFB70F673EE70026BF9C /* VERequestPrivate.h */,
				DBC1CFB80F673EE70026BF9C /* VEResult.h */,
				DBC1CFB90F673EE70026BF9C /* VEResult.m */,
				DBC1CFBA0F673EE70026BF9C /* VEReverseGeocodeRequest.h */,
				DBC1CFBB0F673EE70026BF9C /* VEReverseGeocodeRequest.m */,
				DBC1CFBC0F673EE70026BF9C /* VEService.h */,
				DBC1CFBD0F673EE70026BF9C /* VEService.m */,
				DBC1CFBE0F673EE70026BF9C /* VEServicePrivate.h */,
				DBC1CFBF0F673EE70026BF9C /* VEServiceResponse.h */,
				DBC1CFC00F673EE70026BF9C /* VEServiceResponse.m */,
				DBC1CFC10F673EE70026BF9C /* VESOAPRequest.h */,
				DBC1CFC20F673EE70026BF9C /* VESOAPRequest.m */,
				DBC1CFC30F673EE70026BF9C /* VEUserProfile.h */,
				DBC1CFC40F673EE70026BF9C /* VEUserProfile.m */,
			);
			name = VirtualEarthKit;
			sourceTree = "<group>";
		};
		DBC1D1310F6750030026BF9C /* Sources */ = {
			isa = PBXGroup;
			children = (
				DBC1CF340F673BFC0026BF9C /* CercaMap_Prefix.pch */,
				DBA4DCC70F696D6A001DC2A2 /* CercaMap.h */,
				DBC1D2050F6767940026BF9C /* CercaMapPoint.h */,
				DBA4D6110F685C2D001DC2A2 /* CercaMapSize.h */,
				DBA4D6120F685C62001DC2A2 /* CercaMapRect.h */,
				DBFD23580F69CDAB00DA5280 /* CercaMapZoomLevel.h */,
				DBA4D9E30F68E064001DC2A2 /* CercaMapType.h */,
				DBC1CF2D0F673BE00026BF9C /* CercaMapView.h */,
				DBC1CF2E0F673BE00026BF9C /* CercaMapView.m */,
				DBA4DA880F6954A2001DC2A2 /* CercaMapGenerator.h */,
				DBA4DA890F6954A2001DC2A2 /* CercaMapGenerator.m */,
				DBA4D60E0F685BB2001DC2A2 /* CercaMapQuad.h */,
				DBA4D60F0F685BB2001DC2A2 /* CercaMapQuad.m */,
				DBA4DA8F0F6956E2001DC2A2 /* CercaMapHelper.h */,
				DBA4DA900F6956E2001DC2A2 /* CercaMapHelper.m */,
			);
			name = Sources;
			sourceTree = "<group>";
		};
/* End PBXGroup section */

/* Begin PBXHeadersBuildPhase section */
		DBA4DD650F69765C001DC2A2 /* Headers */ = {
			isa = PBXHeadersBuildPhase;
			buildActionMask = 2147483647;
			files = (
				DBA4DD6C0F697668001DC2A2 /* CercaMap.h in Headers */,
				DBA4DD6D0F697668001DC2A2 /* CercaMapView.h in Headers */,
				DBA4DD6E0F697668001DC2A2 /* CercaMapPoint.h in Headers */,
				DBA4DD6F0F697668001DC2A2 /* CercaMapSize.h in Headers */,
				DBA4DD700F697668001DC2A2 /* CercaMapRect.h in Headers */,
				DBA4DD710F697668001DC2A2 /* CercaMapType.h in Headers */,
				DBA4DD720F697668001DC2A2 /* CercaMapGenerator.h in Headers */,
				DBA4DD730F697668001DC2A2 /* CercaMapHelper.h in Headers */,
				DBFD235A0F69CDAB00DA5280 /* CercaMapZoomLevel.h in Headers */,
			);
			runOnlyForDeploymentPostprocessing = 0;
		};
/* End PBXHeadersBuildPhase section */

/* Begin PBXNativeTarget section */
		DBA4DD680F69765C001DC2A2 /* CercaMap */ = {
			isa = PBXNativeTarget;
			buildConfigurationList = DBA4DDA80F6976A7001DC2A2 /* Build configuration list for PBXNativeTarget "CercaMap" */;
			buildPhases = (
				DBA4DD650F69765C001DC2A2 /* Headers */,
				DBA4DD660F69765C001DC2A2 /* Sources */,
				DBA4DD670F69765C001DC2A2 /* Frameworks */,
			);
			buildRules = (
			);
			dependencies = (
			);
			name = CercaMap;
			productName = CercaMap;
			productReference = DBA4DD690F69765C001DC2A2 /* libCercaMap.a */;
			productType = "com.apple.product-type.library.static";
		};
/* End PBXNativeTarget section */

/* Begin PBXProject section */
		29B97313FDCFA39411CA2CEA /* Project object */ = {
			isa = PBXProject;
			buildConfigurationList = C01FCF4E08A954540054247B /* Build configuration list for PBXProject "CercaMap" */;
			compatibilityVersion = "Xcode 3.1";
			hasScannedForEncodings = 1;
			knownRegions = (
				English,
				Japanese,
				French,
				German,
				en,
			);
			mainGroup = 29B97314FDCFA39411CA2CEA /* CustomTemplate */;
			projectDirPath = "";
			projectRoot = "";
			targets = (
				DBA4DD680F69765C001DC2A2 /* CercaMap */,
			);
		};
/* End PBXProject section */

/* Begin PBXSourcesBuildPhase section */
		DBA4DD660F69765C001DC2A2 /* Sources */ = {
			isa = PBXSourcesBuildPhase;
			buildActionMask = 2147483647;
			files = (
				DBA4DD740F697680001DC2A2 /* CercaMapView.m in Sources */,
				DBA4DD750F697680001DC2A2 /* CercaMapGenerator.m in Sources */,
				DBA4DD760F697680001DC2A2 /* CercaMapQuad.m in Sources */,
				DBA4DD770F697680001DC2A2 /* CercaMapHelper.m in Sources */,
				DBCACD870F698CFA00054D18 /* VECommonService.m in Sources */,
				DBCACD8F0F698D2600054D18 /* VEService.m in Sources */,
				DBCACD950F698D4600054D18 /* VESOAPRequest.m in Sources */,
			);
			runOnlyForDeploymentPostprocessing = 0;
		};
/* End PBXSourcesBuildPhase section */

/* Begin XCBuildConfiguration section */
		C01FCF4F08A954540054247B /* Debug */ = {
			isa = XCBuildConfiguration;
			buildSettings = {
				ARCHS = "$(ARCHS_STANDARD_32_BIT)";
				"CODE_SIGN_IDENTITY[sdk=iphoneos*]" = "iPhone Developer: Peter Zion";
				CURRENT_PROJECT_VERSION = 1.0;
				GCC_C_LANGUAGE_STANDARD = c99;
				GCC_PREPROCESSOR_DEFINITIONS = __IPHONE;
				GCC_WARN_ABOUT_RETURN_TYPE = YES;
				GCC_WARN_UNUSED_VARIABLE = YES;
				HEADER_SEARCH_PATHS = "${SDKROOT}/usr/include/libxml2/";
				ONLY_ACTIVE_ARCH = YES;
				PREBINDING = NO;
				"PROVISIONING_PROFILE[sdk=iphoneos*]" = "B2667342-4468-4C75-BF69-C3E9A9A7ABED";
				SDKROOT = iphoneos2.0;
				VERSIONING_SYSTEM = "apple-generic";
			};
			name = Debug;
		};
		C01FCF5008A954540054247B /* Release */ = {
			isa = XCBuildConfiguration;
			buildSettings = {
				ARCHS = "$(ARCHS_STANDARD_32_BIT)";
				"CODE_SIGN_IDENTITY[sdk=iphoneos*]" = "iPhone Developer: Peter Zion";
				CURRENT_PROJECT_VERSION = 1.0;
				GCC_C_LANGUAGE_STANDARD = c99;
				GCC_PREPROCESSOR_DEFINITIONS = __IPHONE;
				GCC_WARN_ABOUT_RETURN_TYPE = YES;
				GCC_WARN_UNUSED_VARIABLE = YES;
				HEADER_SEARCH_PATHS = "${SDKROOT}/usr/include/libxml2/";
				PREBINDING = NO;
				"PROVISIONING_PROFILE[sdk=iphoneos*]" = "B2667342-4468-4C75-BF69-C3E9A9A7ABED";
				SDKROOT = iphoneos2.0;
				VERSIONING_SYSTEM = "apple-generic";
			};
			name = Release;
		};
		DBA4DD6A0F69765D001DC2A2 /* Debug */ = {
			isa = XCBuildConfiguration;
			buildSettings = {
				ALWAYS_SEARCH_USER_PATHS = NO;
				COPY_PHASE_STRIP = NO;
				GCC_DYNAMIC_NO_PIC = NO;
				GCC_OPTIMIZATION_LEVEL = 0;
				HEADER_SEARCH_PATHS = (
					ThirdParty/,
					"${SDKROOT}/usr/include/libxml2/",
				);
				INSTALL_PATH = /usr/local/lib;
				PREBINDING = NO;
				PRIVATE_HEADERS_FOLDER_PATH = /usr/local/include/CercaMap;
				PRODUCT_NAME = CercaMap;
				PUBLIC_HEADERS_FOLDER_PATH = /usr/local/include/CercaMap;
			};
			name = Debug;
		};
		DBA4DD6B0F69765D001DC2A2 /* Release */ = {
			isa = XCBuildConfiguration;
			buildSettings = {
				ALWAYS_SEARCH_USER_PATHS = NO;
				COPY_PHASE_STRIP = YES;
				DEBUG_INFORMATION_FORMAT = "dwarf-with-dsym";
				GCC_ENABLE_FIX_AND_CONTINUE = NO;
				HEADER_SEARCH_PATHS = (
					ThirdParty/,
					"${SDKROOT}/usr/include/libxml2/",
				);
				INSTALL_PATH = /usr/local/lib;
				PREBINDING = NO;
				PRIVATE_HEADERS_FOLDER_PATH = /usr/local/include/CercaMap;
				PRODUCT_NAME = CercaMap;
				PUBLIC_HEADERS_FOLDER_PATH = /usr/local/include/CercaMap;
				ZERO_LINK = NO;
			};
			name = Release;
		};
/* End XCBuildConfiguration section */

/* Begin XCConfigurationList section */
		C01FCF4E08A954540054247B /* Build configuration list for PBXProject "CercaMap" */ = {
			isa = XCConfigurationList;
			buildConfigurations = (
				C01FCF4F08A954540054247B /* Debug */,
				C01FCF5008A954540054247B /* Release */,
			);
			defaultConfigurationIsVisible = 0;
			defaultConfigurationName = Release;
		};
		DBA4DDA80F6976A7001DC2A2 /* Build configuration list for PBXNativeTarget "CercaMap" */ = {
			isa = XCConfigurationList;
			buildConfigurations = (
				DBA4DD6A0F69765D001DC2A2 /* Debug */,
				DBA4DD6B0F69765D001DC2A2 /* Release */,
			);
			defaultConfigurationIsVisible = 0;
			defaultConfigurationName = Release;
		};
/* End XCConfigurationList section */
	};
	rootObject = 29B97313FDCFA39411CA2CEA /* Project object */;
}
