// !$*UTF8*$!
{
	archiveVersion = 1;
	classes = {
	};
	objectVersion = 45;
	objects = {

/* Begin PBXBuildFile section */
		1D60589F0D05DD5A006BFB54 /* Foundation.framework in Frameworks */ = {isa = PBXBuildFile; fileRef = 1D30AB110D05D00D00671497 /* Foundation.framework */; };
		1DF5F4E00D08C38300B7A737 /* UIKit.framework in Frameworks */ = {isa = PBXBuildFile; fileRef = 1DF5F4DF0D08C38300B7A737 /* UIKit.framework */; };
		2892E4100DC94CBA00A64D0F /* CoreGraphics.framework in Frameworks */ = {isa = PBXBuildFile; fileRef = 2892E40F0DC94CBA00A64D0F /* CoreGraphics.framework */; };
		DBA4D6100F685BB2001DC2A2 /* CercaMapQuad.m in Sources */ = {isa = PBXBuildFile; fileRef = DBA4D60F0F685BB2001DC2A2 /* CercaMapQuad.m */; };
		DBC1CF220F673BBB0026BF9C /* CercaControllers.xib in Resources */ = {isa = PBXBuildFile; fileRef = DBC1CF210F673BBB0026BF9C /* CercaControllers.xib */; };
		DBC1CF290F673BCA0026BF9C /* CercaAppController.m in Sources */ = {isa = PBXBuildFile; fileRef = DBC1CF240F673BCA0026BF9C /* CercaAppController.m */; };
		DBC1CF2A0F673BCA0026BF9C /* CercaNearbyViewController.m in Sources */ = {isa = PBXBuildFile; fileRef = DBC1CF260F673BCA0026BF9C /* CercaNearbyViewController.m */; };
		DBC1CF2B0F673BCA0026BF9C /* CercaServicesViewController.m in Sources */ = {isa = PBXBuildFile; fileRef = DBC1CF280F673BCA0026BF9C /* CercaServicesViewController.m */; };
		DBC1CF2F0F673BE00026BF9C /* CercaMapView.m in Sources */ = {isa = PBXBuildFile; fileRef = DBC1CF2E0F673BE00026BF9C /* CercaMapView.m */; };
		DBC1CF320F673BEB0026BF9C /* CercaNearbyView.xib in Resources */ = {isa = PBXBuildFile; fileRef = DBC1CF300F673BEB0026BF9C /* CercaNearbyView.xib */; };
		DBC1CF330F673BEB0026BF9C /* CercaServicesView.xib in Resources */ = {isa = PBXBuildFile; fileRef = DBC1CF310F673BEB0026BF9C /* CercaServicesView.xib */; };
		DBC1CF360F673BFC0026BF9C /* main.m in Sources */ = {isa = PBXBuildFile; fileRef = DBC1CF350F673BFC0026BF9C /* main.m */; };
		DBC1CF7C0F673E8F0026BF9C /* AddressBook.framework in Frameworks */ = {isa = PBXBuildFile; fileRef = DBC1CF7B0F673E8F0026BF9C /* AddressBook.framework */; };
		DBC1CF800F673EA00026BF9C /* libxml2.2.dylib in Frameworks */ = {isa = PBXBuildFile; fileRef = DBC1CF7F0F673EA00026BF9C /* libxml2.2.dylib */; };
		DBC1CFC50F673EE70026BF9C /* MPFindRequest.h in Headers */ = {isa = PBXBuildFile; fileRef = DBC1CF950F673EE70026BF9C /* MPFindRequest.h */; };
		DBC1CFC60F673EE70026BF9C /* MPFindRequest.m in Sources */ = {isa = PBXBuildFile; fileRef = DBC1CF960F673EE70026BF9C /* MPFindRequest.m */; };
		DBC1CFC70F673EE70026BF9C /* MPFindResult.h in Headers */ = {isa = PBXBuildFile; fileRef = DBC1CF970F673EE70026BF9C /* MPFindResult.h */; };
		DBC1CFC80F673EE70026BF9C /* MPFindResult.m in Sources */ = {isa = PBXBuildFile; fileRef = DBC1CF980F673EE70026BF9C /* MPFindResult.m */; };
		DBC1CFC90F673EE70026BF9C /* MPFindService.h in Headers */ = {isa = PBXBuildFile; fileRef = DBC1CF990F673EE70026BF9C /* MPFindService.h */; };
		DBC1CFCA0F673EE70026BF9C /* MPFindService.m in Sources */ = {isa = PBXBuildFile; fileRef = DBC1CF9A0F673EE70026BF9C /* MPFindService.m */; };
		DBC1CFCB0F673EE70026BF9C /* MPRequest.h in Headers */ = {isa = PBXBuildFile; fileRef = DBC1CF9B0F673EE70026BF9C /* MPRequest.h */; };
		DBC1CFCC0F673EE70026BF9C /* MPRequest.m in Sources */ = {isa = PBXBuildFile; fileRef = DBC1CF9C0F673EE70026BF9C /* MPRequest.m */; };
		DBC1CFCD0F673EE70026BF9C /* VEAddressUtilities.h in Headers */ = {isa = PBXBuildFile; fileRef = DBC1CF9D0F673EE70026BF9C /* VEAddressUtilities.h */; };
		DBC1CFCE0F673EE70026BF9C /* VEAddressUtilities.m in Sources */ = {isa = PBXBuildFile; fileRef = DBC1CF9E0F673EE70026BF9C /* VEAddressUtilities.m */; };
		DBC1CFCF0F673EE70026BF9C /* VECommonService.h in Headers */ = {isa = PBXBuildFile; fileRef = DBC1CF9F0F673EE70026BF9C /* VECommonService.h */; };
		DBC1CFD00F673EE70026BF9C /* VECommonService.m in Sources */ = {isa = PBXBuildFile; fileRef = DBC1CFA00F673EE70026BF9C /* VECommonService.m */; };
		DBC1CFD10F673EE70026BF9C /* VEGeocodeRequest.h in Headers */ = {isa = PBXBuildFile; fileRef = DBC1CFA10F673EE70026BF9C /* VEGeocodeRequest.h */; };
		DBC1CFD20F673EE70026BF9C /* VEGeocodeRequest.m in Sources */ = {isa = PBXBuildFile; fileRef = DBC1CFA20F673EE70026BF9C /* VEGeocodeRequest.m */; };
		DBC1CFD30F673EE70026BF9C /* VEGeocodeResult.h in Headers */ = {isa = PBXBuildFile; fileRef = DBC1CFA30F673EE70026BF9C /* VEGeocodeResult.h */; };
		DBC1CFD40F673EE70026BF9C /* VEGeocodeResult.m in Sources */ = {isa = PBXBuildFile; fileRef = DBC1CFA40F673EE70026BF9C /* VEGeocodeResult.m */; };
		DBC1CFD50F673EE70026BF9C /* VEGeocodeService.h in Headers */ = {isa = PBXBuildFile; fileRef = DBC1CFA50F673EE70026BF9C /* VEGeocodeService.h */; };
		DBC1CFD60F673EE70026BF9C /* VEGeocodeService.m in Sources */ = {isa = PBXBuildFile; fileRef = DBC1CFA60F673EE70026BF9C /* VEGeocodeService.m */; };
		DBC1CFD70F673EE70026BF9C /* VEGetMapURIRequest.h in Headers */ = {isa = PBXBuildFile; fileRef = DBC1CFA70F673EE70026BF9C /* VEGetMapURIRequest.h */; };
		DBC1CFD80F673EE70026BF9C /* VEGetMapURIRequest.m in Sources */ = {isa = PBXBuildFile; fileRef = DBC1CFA80F673EE70026BF9C /* VEGetMapURIRequest.m */; };
		DBC1CFD90F673EE70026BF9C /* VEGetMapURIResponse.h in Headers */ = {isa = PBXBuildFile; fileRef = DBC1CFA90F673EE70026BF9C /* VEGetMapURIResponse.h */; };
		DBC1CFDA0F673EE70026BF9C /* VEGetMapURIResponse.m in Sources */ = {isa = PBXBuildFile; fileRef = DBC1CFAA0F673EE70026BF9C /* VEGetMapURIResponse.m */; };
		DBC1CFDB0F673EE70026BF9C /* VEImageryMetadataRequest.h in Headers */ = {isa = PBXBuildFile; fileRef = DBC1CFAB0F673EE70026BF9C /* VEImageryMetadataRequest.h */; };
		DBC1CFDC0F673EE70026BF9C /* VEImageryMetadataRequest.m in Sources */ = {isa = PBXBuildFile; fileRef = DBC1CFAC0F673EE70026BF9C /* VEImageryMetadataRequest.m */; };
		DBC1CFDD0F673EE70026BF9C /* VEImageryResult.h in Headers */ = {isa = PBXBuildFile; fileRef = DBC1CFAD0F673EE70026BF9C /* VEImageryResult.h */; };
		DBC1CFDE0F673EE70026BF9C /* VEImageryResult.m in Sources */ = {isa = PBXBuildFile; fileRef = DBC1CFAE0F673EE70026BF9C /* VEImageryResult.m */; };
		DBC1CFDF0F673EE70026BF9C /* VEImageryService.h in Headers */ = {isa = PBXBuildFile; fileRef = DBC1CFAF0F673EE70026BF9C /* VEImageryService.h */; };
		DBC1CFE00F673EE70026BF9C /* VEImageryService.m in Sources */ = {isa = PBXBuildFile; fileRef = DBC1CFB00F673EE70026BF9C /* VEImageryService.m */; };
		DBC1CFE10F673EE70026BF9C /* VELocationUtilities.h in Headers */ = {isa = PBXBuildFile; fileRef = DBC1CFB10F673EE70026BF9C /* VELocationUtilities.h */; };
		DBC1CFE20F673EE70026BF9C /* VELocationUtilities.m in Sources */ = {isa = PBXBuildFile; fileRef = DBC1CFB20F673EE70026BF9C /* VELocationUtilities.m */; };
		DBC1CFE30F673EE70026BF9C /* VEPushPin.h in Headers */ = {isa = PBXBuildFile; fileRef = DBC1CFB30F673EE70026BF9C /* VEPushPin.h */; };
		DBC1CFE40F673EE70026BF9C /* VEPushPin.m in Sources */ = {isa = PBXBuildFile; fileRef = DBC1CFB40F673EE70026BF9C /* VEPushPin.m */; };
		DBC1CFE50F673EE70026BF9C /* VERequest.h in Headers */ = {isa = PBXBuildFile; fileRef = DBC1CFB50F673EE70026BF9C /* VERequest.h */; };
		DBC1CFE60F673EE70026BF9C /* VERequest.m in Sources */ = {isa = PBXBuildFile; fileRef = DBC1CFB60F673EE70026BF9C /* VERequest.m */; };
		DBC1CFE70F673EE70026BF9C /* VERequestPrivate.h in Headers */ = {isa = PBXBuildFile; fileRef = DBC1CFB70F673EE70026BF9C /* VERequestPrivate.h */; };
		DBC1CFE80F673EE70026BF9C /* VEResult.h in Headers */ = {isa = PBXBuildFile; fileRef = DBC1CFB80F673EE70026BF9C /* VEResult.h */; };
		DBC1CFE90F673EE70026BF9C /* VEResult.m in Sources */ = {isa = PBXBuildFile; fileRef = DBC1CFB90F673EE70026BF9C /* VEResult.m */; };
		DBC1CFEA0F673EE70026BF9C /* VEReverseGeocodeRequest.h in Headers */ = {isa = PBXBuildFile; fileRef = DBC1CFBA0F673EE70026BF9C /* VEReverseGeocodeRequest.h */; };
		DBC1CFEB0F673EE70026BF9C /* VEReverseGeocodeRequest.m in Sources */ = {isa = PBXBuildFile; fileRef = DBC1CFBB0F673EE70026BF9C /* VEReverseGeocodeRequest.m */; };
		DBC1CFEC0F673EE70026BF9C /* VEService.h in Headers */ = {isa = PBXBuildFile; fileRef = DBC1CFBC0F673EE70026BF9C /* VEService.h */; };
		DBC1CFED0F673EE70026BF9C /* VEService.m in Sources */ = {isa = PBXBuildFile; fileRef = DBC1CFBD0F673EE70026BF9C /* VEService.m */; };
		DBC1CFEE0F673EE70026BF9C /* VEServicePrivate.h in Headers */ = {isa = PBXBuildFile; fileRef = DBC1CFBE0F673EE70026BF9C /* VEServicePrivate.h */; };
		DBC1CFEF0F673EE70026BF9C /* VEServiceResponse.h in Headers */ = {isa = PBXBuildFile; fileRef = DBC1CFBF0F673EE70026BF9C /* VEServiceResponse.h */; };
		DBC1CFF00F673EE70026BF9C /* VEServiceResponse.m in Sources */ = {isa = PBXBuildFile; fileRef = DBC1CFC00F673EE70026BF9C /* VEServiceResponse.m */; };
		DBC1CFF10F673EE70026BF9C /* VESOAPRequest.h in Headers */ = {isa = PBXBuildFile; fileRef = DBC1CFC10F673EE70026BF9C /* VESOAPRequest.h */; };
		DBC1CFF20F673EE70026BF9C /* VESOAPRequest.m in Sources */ = {isa = PBXBuildFile; fileRef = DBC1CFC20F673EE70026BF9C /* VESOAPRequest.m */; };
		DBC1CFF30F673EE70026BF9C /* VEUserProfile.h in Headers */ = {isa = PBXBuildFile; fileRef = DBC1CFC30F673EE70026BF9C /* VEUserProfile.h */; };
		DBC1CFF40F673EE70026BF9C /* VEUserProfile.m in Sources */ = {isa = PBXBuildFile; fileRef = DBC1CFC40F673EE70026BF9C /* VEUserProfile.m */; };
		DBC1D0770F6743A20026BF9C /* CercaMapViewDelegate.h in Headers */ = {isa = PBXBuildFile; fileRef = DBC1D0760F6743A20026BF9C /* CercaMapViewDelegate.h */; };
		DBC1D0BE0F6748670026BF9C /* CoreLocation.framework in Frameworks */ = {isa = PBXBuildFile; fileRef = DBC1D0BD0F6748670026BF9C /* CoreLocation.framework */; };
/* End PBXBuildFile section */

/* Begin PBXContainerItemProxy section */
		DBC1CFF60F673EFC0026BF9C /* PBXContainerItemProxy */ = {
			isa = PBXContainerItemProxy;
			containerPortal = 29B97313FDCFA39411CA2CEA /* Project object */;
			proxyType = 1;
			remoteGlobalIDString = DBC1CF6A0F673DA90026BF9C;
			remoteInfo = VirtualEarthKit;
		};
/* End PBXContainerItemProxy section */

/* Begin PBXFileReference section */
		1D30AB110D05D00D00671497 /* Foundation.framework */ = {isa = PBXFileReference; lastKnownFileType = wrapper.framework; name = Foundation.framework; path = System/Library/Frameworks/Foundation.framework; sourceTree = SDKROOT; };
		1D6058910D05DD3D006BFB54 /* Cerca.app */ = {isa = PBXFileReference; explicitFileType = wrapper.application; includeInIndex = 0; path = Cerca.app; sourceTree = BUILT_PRODUCTS_DIR; };
		1DF5F4DF0D08C38300B7A737 /* UIKit.framework */ = {isa = PBXFileReference; lastKnownFileType = wrapper.framework; name = UIKit.framework; path = System/Library/Frameworks/UIKit.framework; sourceTree = SDKROOT; };
		2892E40F0DC94CBA00A64D0F /* CoreGraphics.framework */ = {isa = PBXFileReference; lastKnownFileType = wrapper.framework; name = CoreGraphics.framework; path = System/Library/Frameworks/CoreGraphics.framework; sourceTree = SDKROOT; };
		8D1107310486CEB800E47090 /* Info.plist */ = {isa = PBXFileReference; fileEncoding = 4; lastKnownFileType = text.plist.xml; path = Info.plist; sourceTree = "<group>"; };
		DBA4D60E0F685BB2001DC2A2 /* CercaMapQuad.h */ = {isa = PBXFileReference; fileEncoding = 4; lastKnownFileType = sourcecode.c.h; name = CercaMapQuad.h; path = src/CercaMapQuad.h; sourceTree = "<group>"; };
		DBA4D60F0F685BB2001DC2A2 /* CercaMapQuad.m */ = {isa = PBXFileReference; fileEncoding = 4; lastKnownFileType = sourcecode.c.objc; name = CercaMapQuad.m; path = src/CercaMapQuad.m; sourceTree = "<group>"; };
		DBA4D6110F685C2D001DC2A2 /* CercaMapSize.h */ = {isa = PBXFileReference; fileEncoding = 4; lastKnownFileType = sourcecode.c.h; name = CercaMapSize.h; path = src/CercaMapSize.h; sourceTree = "<group>"; };
		DBA4D6120F685C62001DC2A2 /* CercaMapRect.h */ = {isa = PBXFileReference; fileEncoding = 4; lastKnownFileType = sourcecode.c.h; name = CercaMapRect.h; path = src/CercaMapRect.h; sourceTree = "<group>"; };
		DBA4D7510F688DB1001DC2A2 /* CercaMapQuadDelegate.h */ = {isa = PBXFileReference; fileEncoding = 4; lastKnownFileType = sourcecode.c.h; name = CercaMapQuadDelegate.h; path = src/CercaMapQuadDelegate.h; sourceTree = "<group>"; };
		DBC1CF210F673BBB0026BF9C /* CercaControllers.xib */ = {isa = PBXFileReference; lastKnownFileType = file.xib; name = CercaControllers.xib; path = rsrc/CercaControllers.xib; sourceTree = "<group>"; };
		DBC1CF230F673BCA0026BF9C /* CercaAppController.h */ = {isa = PBXFileReference; fileEncoding = 4; lastKnownFileType = sourcecode.c.h; name = CercaAppController.h; path = src/CercaAppController.h; sourceTree = "<group>"; };
		DBC1CF240F673BCA0026BF9C /* CercaAppController.m */ = {isa = PBXFileReference; fileEncoding = 4; lastKnownFileType = sourcecode.c.objc; name = CercaAppController.m; path = src/CercaAppController.m; sourceTree = "<group>"; };
		DBC1CF250F673BCA0026BF9C /* CercaNearbyViewController.h */ = {isa = PBXFileReference; fileEncoding = 4; lastKnownFileType = sourcecode.c.h; name = CercaNearbyViewController.h; path = src/CercaNearbyViewController.h; sourceTree = "<group>"; };
		DBC1CF260F673BCA0026BF9C /* CercaNearbyViewController.m */ = {isa = PBXFileReference; fileEncoding = 4; lastKnownFileType = sourcecode.c.objc; name = CercaNearbyViewController.m; path = src/CercaNearbyViewController.m; sourceTree = "<group>"; };
		DBC1CF270F673BCA0026BF9C /* CercaServicesViewController.h */ = {isa = PBXFileReference; fileEncoding = 4; lastKnownFileType = sourcecode.c.h; name = CercaServicesViewController.h; path = src/CercaServicesViewController.h; sourceTree = "<group>"; };
		DBC1CF280F673BCA0026BF9C /* CercaServicesViewController.m */ = {isa = PBXFileReference; fileEncoding = 4; lastKnownFileType = sourcecode.c.objc; name = CercaServicesViewController.m; path = src/CercaServicesViewController.m; sourceTree = "<group>"; };
		DBC1CF2D0F673BE00026BF9C /* CercaMapView.h */ = {isa = PBXFileReference; fileEncoding = 4; lastKnownFileType = sourcecode.c.h; name = CercaMapView.h; path = src/CercaMapView.h; sourceTree = "<group>"; };
		DBC1CF2E0F673BE00026BF9C /* CercaMapView.m */ = {isa = PBXFileReference; fileEncoding = 4; lastKnownFileType = sourcecode.c.objc; name = CercaMapView.m; path = src/CercaMapView.m; sourceTree = "<group>"; };
		DBC1CF300F673BEB0026BF9C /* CercaNearbyView.xib */ = {isa = PBXFileReference; lastKnownFileType = file.xib; name = CercaNearbyView.xib; path = rsrc/CercaNearbyView.xib; sourceTree = "<group>"; };
		DBC1CF310F673BEB0026BF9C /* CercaServicesView.xib */ = {isa = PBXFileReference; lastKnownFileType = file.xib; name = CercaServicesView.xib; path = rsrc/CercaServicesView.xib; sourceTree = "<group>"; };
		DBC1CF340F673BFC0026BF9C /* Cerca_Prefix.pch */ = {isa = PBXFileReference; fileEncoding = 4; lastKnownFileType = sourcecode.c.h; path = Cerca_Prefix.pch; sourceTree = "<group>"; };
		DBC1CF350F673BFC0026BF9C /* main.m */ = {isa = PBXFileReference; fileEncoding = 4; lastKnownFileType = sourcecode.c.objc; name = main.m; path = src/main.m; sourceTree = "<group>"; };
		DBC1CF6B0F673DA90026BF9C /* libVirtualEarthKit.a */ = {isa = PBXFileReference; explicitFileType = archive.ar; includeInIndex = 0; path = libVirtualEarthKit.a; sourceTree = BUILT_PRODUCTS_DIR; };
		DBC1CF7B0F673E8F0026BF9C /* AddressBook.framework */ = {isa = PBXFileReference; lastKnownFileType = wrapper.framework; name = AddressBook.framework; path = System/Library/Frameworks/AddressBook.framework; sourceTree = SDKROOT; };
		DBC1CF7F0F673EA00026BF9C /* libxml2.2.dylib */ = {isa = PBXFileReference; lastKnownFileType = "compiled.mach-o.dylib"; name = libxml2.2.dylib; path = usr/lib/libxml2.2.dylib; sourceTree = SDKROOT; };
		DBC1CF950F673EE70026BF9C /* MPFindRequest.h */ = {isa = PBXFileReference; fileEncoding = 4; lastKnownFileType = sourcecode.c.h; name = MPFindRequest.h; path = ThirdParty/VirtualEarthKit/MPFindRequest.h; sourceTree = "<group>"; };
		DBC1CF960F673EE70026BF9C /* MPFindRequest.m */ = {isa = PBXFileReference; fileEncoding = 4; lastKnownFileType = sourcecode.c.objc; name = MPFindRequest.m; path = ThirdParty/VirtualEarthKit/MPFindRequest.m; sourceTree = "<group>"; };
		DBC1CF970F673EE70026BF9C /* MPFindResult.h */ = {isa = PBXFileReference; fileEncoding = 4; lastKnownFileType = sourcecode.c.h; name = MPFindResult.h; path = ThirdParty/VirtualEarthKit/MPFindResult.h; sourceTree = "<group>"; };
		DBC1CF980F673EE70026BF9C /* MPFindResult.m */ = {isa = PBXFileReference; fileEncoding = 4; lastKnownFileType = sourcecode.c.objc; name = MPFindResult.m; path = ThirdParty/VirtualEarthKit/MPFindResult.m; sourceTree = "<group>"; };
		DBC1CF990F673EE70026BF9C /* MPFindService.h */ = {isa = PBXFileReference; fileEncoding = 4; lastKnownFileType = sourcecode.c.h; name = MPFindService.h; path = ThirdParty/VirtualEarthKit/MPFindService.h; sourceTree = "<group>"; };
		DBC1CF9A0F673EE70026BF9C /* MPFindService.m */ = {isa = PBXFileReference; fileEncoding = 4; lastKnownFileType = sourcecode.c.objc; name = MPFindService.m; path = ThirdParty/VirtualEarthKit/MPFindService.m; sourceTree = "<group>"; };
		DBC1CF9B0F673EE70026BF9C /* MPRequest.h */ = {isa = PBXFileReference; fileEncoding = 4; lastKnownFileType = sourcecode.c.h; name = MPRequest.h; path = ThirdParty/VirtualEarthKit/MPRequest.h; sourceTree = "<group>"; };
		DBC1CF9C0F673EE70026BF9C /* MPRequest.m */ = {isa = PBXFileReference; fileEncoding = 4; lastKnownFileType = sourcecode.c.objc; name = MPRequest.m; path = ThirdParty/VirtualEarthKit/MPRequest.m; sourceTree = "<group>"; };
		DBC1CF9D0F673EE70026BF9C /* VEAddressUtilities.h */ = {isa = PBXFileReference; fileEncoding = 4; lastKnownFileType = sourcecode.c.h; name = VEAddressUtilities.h; path = ThirdParty/VirtualEarthKit/VEAddressUtilities.h; sourceTree = "<group>"; };
		DBC1CF9E0F673EE70026BF9C /* VEAddressUtilities.m */ = {isa = PBXFileReference; fileEncoding = 4; lastKnownFileType = sourcecode.c.objc; name = VEAddressUtilities.m; path = ThirdParty/VirtualEarthKit/VEAddressUtilities.m; sourceTree = "<group>"; };
		DBC1CF9F0F673EE70026BF9C /* VECommonService.h */ = {isa = PBXFileReference; fileEncoding = 4; lastKnownFileType = sourcecode.c.h; name = VECommonService.h; path = ThirdParty/VirtualEarthKit/VECommonService.h; sourceTree = "<group>"; };
		DBC1CFA00F673EE70026BF9C /* VECommonService.m */ = {isa = PBXFileReference; fileEncoding = 4; lastKnownFileType = sourcecode.c.objc; name = VECommonService.m; path = ThirdParty/VirtualEarthKit/VECommonService.m; sourceTree = "<group>"; };
		DBC1CFA10F673EE70026BF9C /* VEGeocodeRequest.h */ = {isa = PBXFileReference; fileEncoding = 4; lastKnownFileType = sourcecode.c.h; name = VEGeocodeRequest.h; path = ThirdParty/VirtualEarthKit/VEGeocodeRequest.h; sourceTree = "<group>"; };
		DBC1CFA20F673EE70026BF9C /* VEGeocodeRequest.m */ = {isa = PBXFileReference; fileEncoding = 4; lastKnownFileType = sourcecode.c.objc; name = VEGeocodeRequest.m; path = ThirdParty/VirtualEarthKit/VEGeocodeRequest.m; sourceTree = "<group>"; };
		DBC1CFA30F673EE70026BF9C /* VEGeocodeResult.h */ = {isa = PBXFileReference; fileEncoding = 4; lastKnownFileType = sourcecode.c.h; name = VEGeocodeResult.h; path = ThirdParty/VirtualEarthKit/VEGeocodeResult.h; sourceTree = "<group>"; };
		DBC1CFA40F673EE70026BF9C /* VEGeocodeResult.m */ = {isa = PBXFileReference; fileEncoding = 4; lastKnownFileType = sourcecode.c.objc; name = VEGeocodeResult.m; path = ThirdParty/VirtualEarthKit/VEGeocodeResult.m; sourceTree = "<group>"; };
		DBC1CFA50F673EE70026BF9C /* VEGeocodeService.h */ = {isa = PBXFileReference; fileEncoding = 4; lastKnownFileType = sourcecode.c.h; name = VEGeocodeService.h; path = ThirdParty/VirtualEarthKit/VEGeocodeService.h; sourceTree = "<group>"; };
		DBC1CFA60F673EE70026BF9C /* VEGeocodeService.m */ = {isa = PBXFileReference; fileEncoding = 4; lastKnownFileType = sourcecode.c.objc; name = VEGeocodeService.m; path = ThirdParty/VirtualEarthKit/VEGeocodeService.m; sourceTree = "<group>"; };
		DBC1CFA70F673EE70026BF9C /* VEGetMapURIRequest.h */ = {isa = PBXFileReference; fileEncoding = 4; lastKnownFileType = sourcecode.c.h; name = VEGetMapURIRequest.h; path = ThirdParty/VirtualEarthKit/VEGetMapURIRequest.h; sourceTree = "<group>"; };
		DBC1CFA80F673EE70026BF9C /* VEGetMapURIRequest.m */ = {isa = PBXFileReference; fileEncoding = 4; lastKnownFileType = sourcecode.c.objc; name = VEGetMapURIRequest.m; path = ThirdParty/VirtualEarthKit/VEGetMapURIRequest.m; sourceTree = "<group>"; };
		DBC1CFA90F673EE70026BF9C /* VEGetMapURIResponse.h */ = {isa = PBXFileReference; fileEncoding = 4; lastKnownFileType = sourcecode.c.h; name = VEGetMapURIResponse.h; path = ThirdParty/VirtualEarthKit/VEGetMapURIResponse.h; sourceTree = "<group>"; };
		DBC1CFAA0F673EE70026BF9C /* VEGetMapURIResponse.m */ = {isa = PBXFileReference; fileEncoding = 4; lastKnownFileType = sourcecode.c.objc; name = VEGetMapURIResponse.m; path = ThirdParty/VirtualEarthKit/VEGetMapURIResponse.m; sourceTree = "<group>"; };
		DBC1CFAB0F673EE70026BF9C /* VEImageryMetadataRequest.h */ = {isa = PBXFileReference; fileEncoding = 4; lastKnownFileType = sourcecode.c.h; name = VEImageryMetadataRequest.h; path = ThirdParty/VirtualEarthKit/VEImageryMetadataRequest.h; sourceTree = "<group>"; };
		DBC1CFAC0F673EE70026BF9C /* VEImageryMetadataRequest.m */ = {isa = PBXFileReference; fileEncoding = 4; lastKnownFileType = sourcecode.c.objc; name = VEImageryMetadataRequest.m; path = ThirdParty/VirtualEarthKit/VEImageryMetadataRequest.m; sourceTree = "<group>"; };
		DBC1CFAD0F673EE70026BF9C /* VEImageryResult.h */ = {isa = PBXFileReference; fileEncoding = 4; lastKnownFileType = sourcecode.c.h; name = VEImageryResult.h; path = ThirdParty/VirtualEarthKit/VEImageryResult.h; sourceTree = "<group>"; };
		DBC1CFAE0F673EE70026BF9C /* VEImageryResult.m */ = {isa = PBXFileReference; fileEncoding = 4; lastKnownFileType = sourcecode.c.objc; name = VEImageryResult.m; path = ThirdParty/VirtualEarthKit/VEImageryResult.m; sourceTree = "<group>"; };
		DBC1CFAF0F673EE70026BF9C /* VEImageryService.h */ = {isa = PBXFileReference; fileEncoding = 4; lastKnownFileType = sourcecode.c.h; name = VEImageryService.h; path = ThirdParty/VirtualEarthKit/VEImageryService.h; sourceTree = "<group>"; };
		DBC1CFB00F673EE70026BF9C /* VEImageryService.m */ = {isa = PBXFileReference; fileEncoding = 4; lastKnownFileType = sourcecode.c.objc; name = VEImageryService.m; path = ThirdParty/VirtualEarthKit/VEImageryService.m; sourceTree = "<group>"; };
		DBC1CFB10F673EE70026BF9C /* VELocationUtilities.h */ = {isa = PBXFileReference; fileEncoding = 4; lastKnownFileType = sourcecode.c.h; name = VELocationUtilities.h; path = ThirdParty/VirtualEarthKit/VELocationUtilities.h; sourceTree = "<group>"; };
		DBC1CFB20F673EE70026BF9C /* VELocationUtilities.m */ = {isa = PBXFileReference; fileEncoding = 4; lastKnownFileType = sourcecode.c.objc; name = VELocationUtilities.m; path = ThirdParty/VirtualEarthKit/VELocationUtilities.m; sourceTree = "<group>"; };
		DBC1CFB30F673EE70026BF9C /* VEPushPin.h */ = {isa = PBXFileReference; fileEncoding = 4; lastKnownFileType = sourcecode.c.h; name = VEPushPin.h; path = ThirdParty/VirtualEarthKit/VEPushPin.h; sourceTree = "<group>"; };
		DBC1CFB40F673EE70026BF9C /* VEPushPin.m */ = {isa = PBXFileReference; fileEncoding = 4; lastKnownFileType = sourcecode.c.objc; name = VEPushPin.m; path = ThirdParty/VirtualEarthKit/VEPushPin.m; sourceTree = "<group>"; };
		DBC1CFB50F673EE70026BF9C /* VERequest.h */ = {isa = PBXFileReference; fileEncoding = 4; lastKnownFileType = sourcecode.c.h; name = VERequest.h; path = ThirdParty/VirtualEarthKit/VERequest.h; sourceTree = "<group>"; };
		DBC1CFB60F673EE70026BF9C /* VERequest.m */ = {isa = PBXFileReference; fileEncoding = 4; lastKnownFileType = sourcecode.c.objc; name = VERequest.m; path = ThirdParty/VirtualEarthKit/VERequest.m; sourceTree = "<group>"; };
		DBC1CFB70F673EE70026BF9C /* VERequestPrivate.h */ = {isa = PBXFileReference; fileEncoding = 4; lastKnownFileType = sourcecode.c.h; name = VERequestPrivate.h; path = ThirdParty/VirtualEarthKit/VERequestPrivate.h; sourceTree = "<group>"; };
		DBC1CFB80F673EE70026BF9C /* VEResult.h */ = {isa = PBXFileReference; fileEncoding = 4; lastKnownFileType = sourcecode.c.h; name = VEResult.h; path = ThirdParty/VirtualEarthKit/VEResult.h; sourceTree = "<group>"; };
		DBC1CFB90F673EE70026BF9C /* VEResult.m */ = {isa = PBXFileReference; fileEncoding = 4; lastKnownFileType = sourcecode.c.objc; name = VEResult.m; path = ThirdParty/VirtualEarthKit/VEResult.m; sourceTree = "<group>"; };
		DBC1CFBA0F673EE70026BF9C /* VEReverseGeocodeRequest.h */ = {isa = PBXFileReference; fileEncoding = 4; lastKnownFileType = sourcecode.c.h; name = VEReverseGeocodeRequest.h; path = ThirdParty/VirtualEarthKit/VEReverseGeocodeRequest.h; sourceTree = "<group>"; };
		DBC1CFBB0F673EE70026BF9C /* VEReverseGeocodeRequest.m */ = {isa = PBXFileReference; fileEncoding = 4; lastKnownFileType = sourcecode.c.objc; name = VEReverseGeocodeRequest.m; path = ThirdParty/VirtualEarthKit/VEReverseGeocodeRequest.m; sourceTree = "<group>"; };
		DBC1CFBC0F673EE70026BF9C /* VEService.h */ = {isa = PBXFileReference; fileEncoding = 4; lastKnownFileType = sourcecode.c.h; name = VEService.h; path = ThirdParty/VirtualEarthKit/VEService.h; sourceTree = "<group>"; };
		DBC1CFBD0F673EE70026BF9C /* VEService.m */ = {isa = PBXFileReference; fileEncoding = 4; lastKnownFileType = sourcecode.c.objc; name = VEService.m; path = ThirdParty/VirtualEarthKit/VEService.m; sourceTree = "<group>"; };
		DBC1CFBE0F673EE70026BF9C /* VEServicePrivate.h */ = {isa = PBXFileReference; fileEncoding = 4; lastKnownFileType = sourcecode.c.h; name = VEServicePrivate.h; path = ThirdParty/VirtualEarthKit/VEServicePrivate.h; sourceTree = "<group>"; };
		DBC1CFBF0F673EE70026BF9C /* VEServiceResponse.h */ = {isa = PBXFileReference; fileEncoding = 4; lastKnownFileType = sourcecode.c.h; name = VEServiceResponse.h; path = ThirdParty/VirtualEarthKit/VEServiceResponse.h; sourceTree = "<group>"; };
		DBC1CFC00F673EE70026BF9C /* VEServiceResponse.m */ = {isa = PBXFileReference; fileEncoding = 4; lastKnownFileType = sourcecode.c.objc; name = VEServiceResponse.m; path = ThirdParty/VirtualEarthKit/VEServiceResponse.m; sourceTree = "<group>"; };
		DBC1CFC10F673EE70026BF9C /* VESOAPRequest.h */ = {isa = PBXFileReference; fileEncoding = 4; lastKnownFileType = sourcecode.c.h; name = VESOAPRequest.h; path = ThirdParty/VirtualEarthKit/VESOAPRequest.h; sourceTree = "<group>"; };
		DBC1CFC20F673EE70026BF9C /* VESOAPRequest.m */ = {isa = PBXFileReference; fileEncoding = 4; lastKnownFileType = sourcecode.c.objc; name = VESOAPRequest.m; path = ThirdParty/VirtualEarthKit/VESOAPRequest.m; sourceTree = "<group>"; };
		DBC1CFC30F673EE70026BF9C /* VEUserProfile.h */ = {isa = PBXFileReference; fileEncoding = 4; lastKnownFileType = sourcecode.c.h; name = VEUserProfile.h; path = ThirdParty/VirtualEarthKit/VEUserProfile.h; sourceTree = "<group>"; };
		DBC1CFC40F673EE70026BF9C /* VEUserProfile.m */ = {isa = PBXFileReference; fileEncoding = 4; lastKnownFileType = sourcecode.c.objc; name = VEUserProfile.m; path = ThirdParty/VirtualEarthKit/VEUserProfile.m; sourceTree = "<group>"; };
		DBC1D0760F6743A20026BF9C /* CercaMapViewDelegate.h */ = {isa = PBXFileReference; fileEncoding = 4; lastKnownFileType = sourcecode.c.h; name = CercaMapViewDelegate.h; path = src/CercaMapViewDelegate.h; sourceTree = "<group>"; };
		DBC1D0BD0F6748670026BF9C /* CoreLocation.framework */ = {isa = PBXFileReference; lastKnownFileType = wrapper.framework; name = CoreLocation.framework; path = System/Library/Frameworks/CoreLocation.framework; sourceTree = SDKROOT; };
		DBC1D2050F6767940026BF9C /* CercaMapPoint.h */ = {isa = PBXFileReference; fileEncoding = 4; lastKnownFileType = sourcecode.c.h; name = CercaMapPoint.h; path = src/CercaMapPoint.h; sourceTree = "<group>"; };
/* End PBXFileReference section */

/* Begin PBXFrameworksBuildPhase section */
		1D60588F0D05DD3D006BFB54 /* Frameworks */ = {
			isa = PBXFrameworksBuildPhase;
			buildActionMask = 2147483647;
			files = (
				1D60589F0D05DD5A006BFB54 /* Foundation.framework in Frameworks */,
				1DF5F4E00D08C38300B7A737 /* UIKit.framework in Frameworks */,
				2892E4100DC94CBA00A64D0F /* CoreGraphics.framework in Frameworks */,
				DBC1CF7C0F673E8F0026BF9C /* AddressBook.framework in Frameworks */,
				DBC1CF800F673EA00026BF9C /* libxml2.2.dylib in Frameworks */,
				DBC1D0BE0F6748670026BF9C /* CoreLocation.framework in Frameworks */,
			);
			runOnlyForDeploymentPostprocessing = 0;
		};
		DBC1CF690F673DA90026BF9C /* Frameworks */ = {
			isa = PBXFrameworksBuildPhase;
			buildActionMask = 2147483647;
			files = (
			);
			runOnlyForDeploymentPostprocessing = 0;
		};
/* End PBXFrameworksBuildPhase section */

/* Begin PBXGroup section */
		19C28FACFE9D520D11CA2CBB /* Products */ = {
			isa = PBXGroup;
			children = (
				1D6058910D05DD3D006BFB54 /* Cerca.app */,
				DBC1CF6B0F673DA90026BF9C /* libVirtualEarthKit.a */,
			);
			name = Products;
			sourceTree = "<group>";
		};
		29B97314FDCFA39411CA2CEA /* CustomTemplate */ = {
			isa = PBXGroup;
			children = (
				DBC1D1310F6750030026BF9C /* Model */,
				DBC1CF200F673BAB0026BF9C /* Controllers */,
				DBC1CF2C0F673BD20026BF9C /* Views */,
				29B97317FDCFA39411CA2CEA /* Other */,
				DBC1CF930F673ED00026BF9C /* Third Party */,
				29B97323FDCFA39411CA2CEA /* Frameworks */,
				19C28FACFE9D520D11CA2CBB /* Products */,
			);
			name = CustomTemplate;
			sourceTree = "<group>";
		};
		29B97317FDCFA39411CA2CEA /* Other */ = {
			isa = PBXGroup;
			children = (
				8D1107310486CEB800E47090 /* Info.plist */,
				DBC1CF340F673BFC0026BF9C /* Cerca_Prefix.pch */,
				DBC1CF350F673BFC0026BF9C /* main.m */,
				DBC1D2050F6767940026BF9C /* CercaMapPoint.h */,
				DBA4D6110F685C2D001DC2A2 /* CercaMapSize.h */,
				DBA4D6120F685C62001DC2A2 /* CercaMapRect.h */,
			);
			name = Other;
			sourceTree = "<group>";
		};
		29B97323FDCFA39411CA2CEA /* Frameworks */ = {
			isa = PBXGroup;
			children = (
				DBC1D0BD0F6748670026BF9C /* CoreLocation.framework */,
				DBC1CF7F0F673EA00026BF9C /* libxml2.2.dylib */,
				DBC1CF7B0F673E8F0026BF9C /* AddressBook.framework */,
				1DF5F4DF0D08C38300B7A737 /* UIKit.framework */,
				1D30AB110D05D00D00671497 /* Foundation.framework */,
				2892E40F0DC94CBA00A64D0F /* CoreGraphics.framework */,
			);
			name = Frameworks;
			sourceTree = "<group>";
		};
		DBA4D60D0F685B97001DC2A2 /* Map Quads */ = {
			isa = PBXGroup;
			children = (
				DBA4D60E0F685BB2001DC2A2 /* CercaMapQuad.h */,
				DBA4D60F0F685BB2001DC2A2 /* CercaMapQuad.m */,
				DBA4D7510F688DB1001DC2A2 /* CercaMapQuadDelegate.h */,
			);
			name = "Map Quads";
			sourceTree = "<group>";
		};
		DBC1CF200F673BAB0026BF9C /* Controllers */ = {
			isa = PBXGroup;
			children = (
				DBC1CF210F673BBB0026BF9C /* CercaControllers.xib */,
				DBC1CF230F673BCA0026BF9C /* CercaAppController.h */,
				DBC1CF240F673BCA0026BF9C /* CercaAppController.m */,
				DBC1CF250F673BCA0026BF9C /* CercaNearbyViewController.h */,
				DBC1CF260F673BCA0026BF9C /* CercaNearbyViewController.m */,
				DBC1CF270F673BCA0026BF9C /* CercaServicesViewController.h */,
				DBC1CF280F673BCA0026BF9C /* CercaServicesViewController.m */,
			);
			name = Controllers;
			sourceTree = "<group>";
		};
		DBC1CF2C0F673BD20026BF9C /* Views */ = {
			isa = PBXGroup;
			children = (
				DBC1CF300F673BEB0026BF9C /* CercaNearbyView.xib */,
				DBC1CF310F673BEB0026BF9C /* CercaServicesView.xib */,
				DBC1CFFE0F6740130026BF9C /* Map View */,
			);
			name = Views;
			sourceTree = "<group>";
		};
		DBC1CF930F673ED00026BF9C /* Third Party */ = {
			isa = PBXGroup;
			children = (
				DBC1CF940F673ED80026BF9C /* VirtualEarthKit */,
			);
			name = "Third Party";
			sourceTree = "<group>";
		};
		DBC1CF940F673ED80026BF9C /* VirtualEarthKit */ = {
			isa = PBXGroup;
			children = (
				DBC1CF950F673EE70026BF9C /* MPFindRequest.h */,
				DBC1CF960F673EE70026BF9C /* MPFindRequest.m */,
				DBC1CF970F673EE70026BF9C /* MPFindResult.h */,
				DBC1CF980F673EE70026BF9C /* MPFindResult.m */,
				DBC1CF990F673EE70026BF9C /* MPFindService.h */,
				DBC1CF9A0F673EE70026BF9C /* MPFindService.m */,
				DBC1CF9B0F673EE70026BF9C /* MPRequest.h */,
				DBC1CF9C0F673EE70026BF9C /* MPRequest.m */,
				DBC1CF9D0F673EE70026BF9C /* VEAddressUtilities.h */,
				DBC1CF9E0F673EE70026BF9C /* VEAddressUtilities.m */,
				DBC1CF9F0F673EE70026BF9C /* VECommonService.h */,
				DBC1CFA00F673EE70026BF9C /* VECommonService.m */,
				DBC1CFA10F673EE70026BF9C /* VEGeocodeRequest.h */,
				DBC1CFA20F673EE70026BF9C /* VEGeocodeRequest.m */,
				DBC1CFA30F673EE70026BF9C /* VEGeocodeResult.h */,
				DBC1CFA40F673EE70026BF9C /* VEGeocodeResult.m */,
				DBC1CFA50F673EE70026BF9C /* VEGeocodeService.h */,
				DBC1CFA60F673EE70026BF9C /* VEGeocodeService.m */,
				DBC1CFA70F673EE70026BF9C /* VEGetMapURIRequest.h */,
				DBC1CFA80F673EE70026BF9C /* VEGetMapURIRequest.m */,
				DBC1CFA90F673EE70026BF9C /* VEGetMapURIResponse.h */,
				DBC1CFAA0F673EE70026BF9C /* VEGetMapURIResponse.m */,
				DBC1CFAB0F673EE70026BF9C /* VEImageryMetadataRequest.h */,
				DBC1CFAC0F673EE70026BF9C /* VEImageryMetadataRequest.m */,
				DBC1CFAD0F673EE70026BF9C /* VEImageryResult.h */,
				DBC1CFAE0F673EE70026BF9C /* VEImageryResult.m */,
				DBC1CFAF0F673EE70026BF9C /* VEImageryService.h */,
				DBC1CFB00F673EE70026BF9C /* VEImageryService.m */,
				DBC1CFB10F673EE70026BF9C /* VELocationUtilities.h */,
				DBC1CFB20F673EE70026BF9C /* VELocationUtilities.m */,
				DBC1CFB30F673EE70026BF9C /* VEPushPin.h */,
				DBC1CFB40F673EE70026BF9C /* VEPushPin.m */,
				DBC1CFB50F673EE70026BF9C /* VERequest.h */,
				DBC1CFB60F673EE70026BF9C /* VERequest.m */,
				DBC1CFB70F673EE70026BF9C /* VERequestPrivate.h */,
				DBC1CFB80F673EE70026BF9C /* VEResult.h */,
				DBC1CFB90F673EE70026BF9C /* VEResult.m */,
				DBC1CFBA0F673EE70026BF9C /* VEReverseGeocodeRequest.h */,
				DBC1CFBB0F673EE70026BF9C /* VEReverseGeocodeRequest.m */,
				DBC1CFBC0F673EE70026BF9C /* VEService.h */,
				DBC1CFBD0F673EE70026BF9C /* VEService.m */,
				DBC1CFBE0F673EE70026BF9C /* VEServicePrivate.h */,
				DBC1CFBF0F673EE70026BF9C /* VEServiceResponse.h */,
				DBC1CFC00F673EE70026BF9C /* VEServiceResponse.m */,
				DBC1CFC10F673EE70026BF9C /* VESOAPRequest.h */,
				DBC1CFC20F673EE70026BF9C /* VESOAPRequest.m */,
				DBC1CFC30F673EE70026BF9C /* VEUserProfile.h */,
				DBC1CFC40F673EE70026BF9C /* VEUserProfile.m */,
			);
			name = VirtualEarthKit;
			sourceTree = "<group>";
		};
		DBC1CFFE0F6740130026BF9C /* Map View */ = {
			isa = PBXGroup;
			children = (
				DBC1CF2D0F673BE00026BF9C /* CercaMapView.h */,
				DBC1CF2E0F673BE00026BF9C /* CercaMapView.m */,
				DBC1D0760F6743A20026BF9C /* CercaMapViewDelegate.h */,
			);
			name = "Map View";
			sourceTree = "<group>";
		};
		DBC1D1310F6750030026BF9C /* Model */ = {
			isa = PBXGroup;
			children = (
				DBA4D60D0F685B97001DC2A2 /* Map Quads */,
			);
			name = Model;
			sourceTree = "<group>";
		};
/* End PBXGroup section */

/* Begin PBXHeadersBuildPhase section */
		DBC1CF670F673DA90026BF9C /* Headers */ = {
			isa = PBXHeadersBuildPhase;
			buildActionMask = 2147483647;
			files = (
				DBC1CFC50F673EE70026BF9C /* MPFindRequest.h in Headers */,
				DBC1CFC70F673EE70026BF9C /* MPFindResult.h in Headers */,
				DBC1CFC90F673EE70026BF9C /* MPFindService.h in Headers */,
				DBC1CFCB0F673EE70026BF9C /* MPRequest.h in Headers */,
				DBC1CFCD0F673EE70026BF9C /* VEAddressUtilities.h in Headers */,
				DBC1CFCF0F673EE70026BF9C /* VECommonService.h in Headers */,
				DBC1CFD10F673EE70026BF9C /* VEGeocodeRequest.h in Headers */,
				DBC1CFD30F673EE70026BF9C /* VEGeocodeResult.h in Headers */,
				DBC1CFD50F673EE70026BF9C /* VEGeocodeService.h in Headers */,
				DBC1CFD70F673EE70026BF9C /* VEGetMapURIRequest.h in Headers */,
				DBC1CFD90F673EE70026BF9C /* VEGetMapURIResponse.h in Headers */,
				DBC1CFDB0F673EE70026BF9C /* VEImageryMetadataRequest.h in Headers */,
				DBC1CFDD0F673EE70026BF9C /* VEImageryResult.h in Headers */,
				DBC1CFDF0F673EE70026BF9C /* VEImageryService.h in Headers */,
				DBC1CFE10F673EE70026BF9C /* VELocationUtilities.h in Headers */,
				DBC1CFE30F673EE70026BF9C /* VEPushPin.h in Headers */,
				DBC1CFE50F673EE70026BF9C /* VERequest.h in Headers */,
				DBC1CFE70F673EE70026BF9C /* VERequestPrivate.h in Headers */,
				DBC1CFE80F673EE70026BF9C /* VEResult.h in Headers */,
				DBC1CFEA0F673EE70026BF9C /* VEReverseGeocodeRequest.h in Headers */,
				DBC1CFEC0F673EE70026BF9C /* VEService.h in Headers */,
				DBC1CFEE0F673EE70026BF9C /* VEServicePrivate.h in Headers */,
				DBC1CFEF0F673EE70026BF9C /* VEServiceResponse.h in Headers */,
				DBC1CFF10F673EE70026BF9C /* VESOAPRequest.h in Headers */,
				DBC1CFF30F673EE70026BF9C /* VEUserProfile.h in Headers */,
				DBC1D0770F6743A20026BF9C /* CercaMapViewDelegate.h in Headers */,
			);
			runOnlyForDeploymentPostprocessing = 0;
		};
/* End PBXHeadersBuildPhase section */

/* Begin PBXNativeTarget section */
		1D6058900D05DD3D006BFB54 /* Cerca */ = {
			isa = PBXNativeTarget;
			buildConfigurationList = 1D6058960D05DD3E006BFB54 /* Build configuration list for PBXNativeTarget "Cerca" */;
			buildPhases = (
				1D60588D0D05DD3D006BFB54 /* Resources */,
				1D60588E0D05DD3D006BFB54 /* Sources */,
				1D60588F0D05DD3D006BFB54 /* Frameworks */,
			);
			buildRules = (
			);
			dependencies = (
				DBC1CFF70F673EFC0026BF9C /* PBXTargetDependency */,
			);
			name = Cerca;
			productName = Cerca;
			productReference = 1D6058910D05DD3D006BFB54 /* Cerca.app */;
			productType = "com.apple.product-type.application";
		};
		DBC1CF6A0F673DA90026BF9C /* VirtualEarthKit */ = {
			isa = PBXNativeTarget;
			buildConfigurationList = DBC1CF740F673DF80026BF9C /* Build configuration list for PBXNativeTarget "VirtualEarthKit" */;
			buildPhases = (
				DBC1CF670F673DA90026BF9C /* Headers */,
				DBC1CF680F673DA90026BF9C /* Sources */,
				DBC1CF690F673DA90026BF9C /* Frameworks */,
			);
			buildRules = (
			);
			dependencies = (
			);
			name = VirtualEarthKit;
			productName = VirtualEarthKit;
			productReference = DBC1CF6B0F673DA90026BF9C /* libVirtualEarthKit.a */;
			productType = "com.apple.product-type.library.static";
		};
/* End PBXNativeTarget section */

/* Begin PBXProject section */
		29B97313FDCFA39411CA2CEA /* Project object */ = {
			isa = PBXProject;
			buildConfigurationList = C01FCF4E08A954540054247B /* Build configuration list for PBXProject "Cerca" */;
			compatibilityVersion = "Xcode 3.1";
			hasScannedForEncodings = 1;
			knownRegions = (
				English,
				Japanese,
				French,
				German,
				en,
			);
			mainGroup = 29B97314FDCFA39411CA2CEA /* CustomTemplate */;
			projectDirPath = "";
			projectRoot = "";
			targets = (
				1D6058900D05DD3D006BFB54 /* Cerca */,
				DBC1CF6A0F673DA90026BF9C /* VirtualEarthKit */,
			);
		};
/* End PBXProject section */

/* Begin PBXResourcesBuildPhase section */
		1D60588D0D05DD3D006BFB54 /* Resources */ = {
			isa = PBXResourcesBuildPhase;
			buildActionMask = 2147483647;
			files = (
				DBC1CF220F673BBB0026BF9C /* CercaControllers.xib in Resources */,
				DBC1CF320F673BEB0026BF9C /* CercaNearbyView.xib in Resources */,
				DBC1CF330F673BEB0026BF9C /* CercaServicesView.xib in Resources */,
			);
			runOnlyForDeploymentPostprocessing = 0;
		};
/* End PBXResourcesBuildPhase section */

/* Begin PBXSourcesBuildPhase section */
		1D60588E0D05DD3D006BFB54 /* Sources */ = {
			isa = PBXSourcesBuildPhase;
			buildActionMask = 2147483647;
			files = (
				DBC1CF290F673BCA0026BF9C /* CercaAppController.m in Sources */,
				DBC1CF2A0F673BCA0026BF9C /* CercaNearbyViewController.m in Sources */,
				DBC1CF2B0F673BCA0026BF9C /* CercaServicesViewController.m in Sources */,
				DBC1CF2F0F673BE00026BF9C /* CercaMapView.m in Sources */,
				DBC1CF360F673BFC0026BF9C /* main.m in Sources */,
				DBA4D6100F685BB2001DC2A2 /* CercaMapQuad.m in Sources */,
			);
			runOnlyForDeploymentPostprocessing = 0;
		};
		DBC1CF680F673DA90026BF9C /* Sources */ = {
			isa = PBXSourcesBuildPhase;
			buildActionMask = 2147483647;
			files = (
				DBC1CFC60F673EE70026BF9C /* MPFindRequest.m in Sources */,
				DBC1CFC80F673EE70026BF9C /* MPFindResult.m in Sources */,
				DBC1CFCA0F673EE70026BF9C /* MPFindService.m in Sources */,
				DBC1CFCC0F673EE70026BF9C /* MPRequest.m in Sources */,
				DBC1CFCE0F673EE70026BF9C /* VEAddressUtilities.m in Sources */,
				DBC1CFD00F673EE70026BF9C /* VECommonService.m in Sources */,
				DBC1CFD20F673EE70026BF9C /* VEGeocodeRequest.m in Sources */,
				DBC1CFD40F673EE70026BF9C /* VEGeocodeResult.m in Sources */,
				DBC1CFD60F673EE70026BF9C /* VEGeocodeService.m in Sources */,
				DBC1CFD80F673EE70026BF9C /* VEGetMapURIRequest.m in Sources */,
				DBC1CFDA0F673EE70026BF9C /* VEGetMapURIResponse.m in Sources */,
				DBC1CFDC0F673EE70026BF9C /* VEImageryMetadataRequest.m in Sources */,
				DBC1CFDE0F673EE70026BF9C /* VEImageryResult.m in Sources */,
				DBC1CFE00F673EE70026BF9C /* VEImageryService.m in Sources */,
				DBC1CFE20F673EE70026BF9C /* VELocationUtilities.m in Sources */,
				DBC1CFE40F673EE70026BF9C /* VEPushPin.m in Sources */,
				DBC1CFE60F673EE70026BF9C /* VERequest.m in Sources */,
				DBC1CFE90F673EE70026BF9C /* VEResult.m in Sources */,
				DBC1CFEB0F673EE70026BF9C /* VEReverseGeocodeRequest.m in Sources */,
				DBC1CFED0F673EE70026BF9C /* VEService.m in Sources */,
				DBC1CFF00F673EE70026BF9C /* VEServiceResponse.m in Sources */,
				DBC1CFF20F673EE70026BF9C /* VESOAPRequest.m in Sources */,
				DBC1CFF40F673EE70026BF9C /* VEUserProfile.m in Sources */,
			);
			runOnlyForDeploymentPostprocessing = 0;
		};
/* End PBXSourcesBuildPhase section */

/* Begin PBXTargetDependency section */
		DBC1CFF70F673EFC0026BF9C /* PBXTargetDependency */ = {
			isa = PBXTargetDependency;
			target = DBC1CF6A0F673DA90026BF9C /* VirtualEarthKit */;
			targetProxy = DBC1CFF60F673EFC0026BF9C /* PBXContainerItemProxy */;
		};
/* End PBXTargetDependency section */

/* Begin XCBuildConfiguration section */
		1D6058940D05DD3E006BFB54 /* Debug */ = {
			isa = XCBuildConfiguration;
			buildSettings = {
				ALWAYS_SEARCH_USER_PATHS = NO;
				COPY_PHASE_STRIP = NO;
				GCC_DYNAMIC_NO_PIC = NO;
				GCC_OPTIMIZATION_LEVEL = 0;
				GCC_PRECOMPILE_PREFIX_HEADER = YES;
				GCC_PREFIX_HEADER = Cerca_Prefix.pch;
				GCC_TREAT_WARNINGS_AS_ERRORS = YES;
				HEADER_SEARCH_PATHS = (
					ThirdParty/,
					"${SDKROOT}/usr/include/libxml2/",
				);
				INFOPLIST_FILE = Info.plist;
				OTHER_LDFLAGS = "-lVirtualEarthKit";
				PRODUCT_NAME = Cerca;
			};
			name = Debug;
		};
		1D6058950D05DD3E006BFB54 /* Release */ = {
			isa = XCBuildConfiguration;
			buildSettings = {
				ALWAYS_SEARCH_USER_PATHS = NO;
				COPY_PHASE_STRIP = YES;
				GCC_PRECOMPILE_PREFIX_HEADER = YES;
				GCC_PREFIX_HEADER = Cerca_Prefix.pch;
				GCC_TREAT_WARNINGS_AS_ERRORS = YES;
				HEADER_SEARCH_PATHS = (
					ThirdParty/,
					"${SDKROOT}/usr/include/libxml2/",
				);
				INFOPLIST_FILE = Info.plist;
				OTHER_LDFLAGS = "-lVirtualEarthKit";
				PRODUCT_NAME = Cerca;
			};
			name = Release;
		};
		C01FCF4F08A954540054247B /* Debug */ = {
			isa = XCBuildConfiguration;
			buildSettings = {
				ARCHS = "$(ARCHS_STANDARD_32_BIT)";
				"CODE_SIGN_IDENTITY[sdk=iphoneos*]" = "iPhone Developer: Peter Zion";
				GCC_C_LANGUAGE_STANDARD = c99;
				GCC_PREPROCESSOR_DEFINITIONS = __IPHONE;
				GCC_WARN_ABOUT_RETURN_TYPE = YES;
				GCC_WARN_UNUSED_VARIABLE = YES;
				HEADER_SEARCH_PATHS = "${SDKROOT}/usr/include/libxml2/";
				ONLY_ACTIVE_ARCH = YES;
				PREBINDING = NO;
				"PROVISIONING_PROFILE[sdk=iphoneos*]" = "B2667342-4468-4C75-BF69-C3E9A9A7ABED";
				SDKROOT = iphoneos2.0;
			};
			name = Debug;
		};
		C01FCF5008A954540054247B /* Release */ = {
			isa = XCBuildConfiguration;
			buildSettings = {
				ARCHS = "$(ARCHS_STANDARD_32_BIT)";
				"CODE_SIGN_IDENTITY[sdk=iphoneos*]" = "iPhone Developer: Peter Zion";
				GCC_C_LANGUAGE_STANDARD = c99;
				GCC_PREPROCESSOR_DEFINITIONS = __IPHONE;
				GCC_WARN_ABOUT_RETURN_TYPE = YES;
				GCC_WARN_UNUSED_VARIABLE = YES;
				HEADER_SEARCH_PATHS = "${SDKROOT}/usr/include/libxml2/";
				PREBINDING = NO;
				"PROVISIONING_PROFILE[sdk=iphoneos*]" = "B2667342-4468-4C75-BF69-C3E9A9A7ABED";
				SDKROOT = iphoneos2.0;
			};
			name = Release;
		};
		DBC1CF6C0F673DAA0026BF9C /* Debug */ = {
			isa = XCBuildConfiguration;
			buildSettings = {
				ALWAYS_SEARCH_USER_PATHS = NO;
				COPY_PHASE_STRIP = NO;
				GCC_DYNAMIC_NO_PIC = NO;
				GCC_OPTIMIZATION_LEVEL = 0;
				PREBINDING = NO;
				PRODUCT_NAME = VirtualEarthKit;
			};
			name = Debug;
		};
		DBC1CF6D0F673DAA0026BF9C /* Release */ = {
			isa = XCBuildConfiguration;
			buildSettings = {
				ALWAYS_SEARCH_USER_PATHS = NO;
				COPY_PHASE_STRIP = YES;
				DEBUG_INFORMATION_FORMAT = "dwarf-with-dsym";
				GCC_ENABLE_FIX_AND_CONTINUE = NO;
				PREBINDING = NO;
				PRODUCT_NAME = VirtualEarthKit;
				ZERO_LINK = NO;
			};
			name = Release;
		};
/* End XCBuildConfiguration section */

/* Begin XCConfigurationList section */
		1D6058960D05DD3E006BFB54 /* Build configuration list for PBXNativeTarget "Cerca" */ = {
			isa = XCConfigurationList;
			buildConfigurations = (
				1D6058940D05DD3E006BFB54 /* Debug */,
				1D6058950D05DD3E006BFB54 /* Release */,
			);
			defaultConfigurationIsVisible = 0;
			defaultConfigurationName = Release;
		};
		C01FCF4E08A954540054247B /* Build configuration list for PBXProject "Cerca" */ = {
			isa = XCConfigurationList;
			buildConfigurations = (
				C01FCF4F08A954540054247B /* Debug */,
				C01FCF5008A954540054247B /* Release */,
			);
			defaultConfigurationIsVisible = 0;
			defaultConfigurationName = Release;
		};
		DBC1CF740F673DF80026BF9C /* Build configuration list for PBXNativeTarget "VirtualEarthKit" */ = {
			isa = XCConfigurationList;
			buildConfigurations = (
				DBC1CF6C0F673DAA0026BF9C /* Debug */,
				DBC1CF6D0F673DAA0026BF9C /* Release */,
			);
			defaultConfigurationIsVisible = 0;
			defaultConfigurationName = Release;
		};
/* End XCConfigurationList section */
	};
	rootObject = 29B97313FDCFA39411CA2CEA /* Project object */;
}
